// !$*UTF8*$!
{
	archiveVersion = 1;
	classes = {
	};
	objectVersion = 46;
	objects = {

/* Begin PBXAggregateTarget section */
		A261682017CEDE4C00904EF4 /* LionSettingsDocset */ = {
			isa = PBXAggregateTarget;
			buildConfigurationList = A261682317CEDE4C00904EF4 /* Build configuration list for PBXAggregateTarget "LionSettingsDocset" */;
			buildPhases = (
				A261682417CEDE6600904EF4 /* ShellScript */,
			);
			dependencies = (
			);
			name = LionSettingsDocset;
			productName = LionSettingsDocset;
		};
		A261682517CEE87600904EF4 /* DoxygenLionSettingsDocset */ = {
			isa = PBXAggregateTarget;
			buildConfigurationList = A261682617CEE87600904EF4 /* Build configuration list for PBXAggregateTarget "DoxygenLionSettingsDocset" */;
			buildPhases = (
				A261682917CEE88000904EF4 /* ShellScript */,
			);
			dependencies = (
			);
			name = DoxygenLionSettingsDocset;
			productName = DoxygenLionSettingsDocset;
		};
/* End PBXAggregateTarget section */

/* Begin PBXBuildFile section */
		1D3623260D0F684500981E51 /* LSExampleAppDelegate.m in Sources */ = {isa = PBXBuildFile; fileRef = 1D3623250D0F684500981E51 /* LSExampleAppDelegate.m */; };
		1D60589B0D05DD56006BFB54 /* main.m in Sources */ = {isa = PBXBuildFile; fileRef = 29B97316FDCFA39411CA2CEA /* main.m */; };
		1D60589F0D05DD5A006BFB54 /* Foundation.framework in Frameworks */ = {isa = PBXBuildFile; fileRef = 1D30AB110D05D00D00671497 /* Foundation.framework */; };
		1DF5F4E00D08C38300B7A737 /* UIKit.framework in Frameworks */ = {isa = PBXBuildFile; fileRef = 1DF5F4DF0D08C38300B7A737 /* UIKit.framework */; };
		280E754D0DD40C5E005A515E /* FlipsideView.xib in Resources */ = {isa = PBXBuildFile; fileRef = 280E754A0DD40C5E005A515E /* FlipsideView.xib */; };
		280E754E0DD40C5E005A515E /* MainView.xib in Resources */ = {isa = PBXBuildFile; fileRef = 280E754B0DD40C5E005A515E /* MainView.xib */; };
		280E754F0DD40C5E005A515E /* MainWindow.xib in Resources */ = {isa = PBXBuildFile; fileRef = 280E754C0DD40C5E005A515E /* MainWindow.xib */; };
		288765590DF743DE002DB57D /* CoreGraphics.framework in Frameworks */ = {isa = PBXBuildFile; fileRef = 288765580DF743DE002DB57D /* CoreGraphics.framework */; };
		289233A60DB2D0840083E9F9 /* FlipsideView.m in Sources */ = {isa = PBXBuildFile; fileRef = 289233A30DB2D0840083E9F9 /* FlipsideView.m */; };
		289233A70DB2D0840083E9F9 /* MainView.m in Sources */ = {isa = PBXBuildFile; fileRef = 289233A50DB2D0840083E9F9 /* MainView.m */; };
		289233AE0DB2D0DB0083E9F9 /* MainViewController.m in Sources */ = {isa = PBXBuildFile; fileRef = 289233A90DB2D0DB0083E9F9 /* MainViewController.m */; };
		289233AF0DB2D0DB0083E9F9 /* RootViewController.m in Sources */ = {isa = PBXBuildFile; fileRef = 289233AB0DB2D0DB0083E9F9 /* RootViewController.m */; };
		289233B00DB2D0DB0083E9F9 /* FlipsideViewController.m in Sources */ = {isa = PBXBuildFile; fileRef = 289233AD0DB2D0DB0083E9F9 /* FlipsideViewController.m */; };
		5E2FCF630FC3B70500A1E9EF /* MediaPlayer.framework in Frameworks */ = {isa = PBXBuildFile; fileRef = 5E2FCF620FC3B70500A1E9EF /* MediaPlayer.framework */; };
		5E6730700F85B2EB0094A5B9 /* Icon.png in Resources */ = {isa = PBXBuildFile; fileRef = 5E67306F0F85B2EB0094A5B9 /* Icon.png */; };
		5EEB72AA0FC31E070052FAA7 /* mySettings.plist in Resources */ = {isa = PBXBuildFile; fileRef = 5EEB72A90FC31E070052FAA7 /* mySettings.plist */; };
		5EEB72BF0FC31F630052FAA7 /* example.html in Resources */ = {isa = PBXBuildFile; fileRef = 5EEB72BE0FC31F630052FAA7 /* example.html */; };
		740BD0D418617C6D0058F46F /* ../../LionSettings/Constants.h in CopyFiles */ = {isa = PBXBuildFile; fileRef = A2A7236517F928AF00B82D62 /* ../../LionSettings/Constants.h */; };
		740BD0D518617C6D0058F46F /* ../../../LionSettings/Helpers/ColorHelper.h in CopyFiles */ = {isa = PBXBuildFile; fileRef = A2A7236717F928AF00B82D62 /* ../../../LionSettings/Helpers/ColorHelper.h */; };
		740BD0D618617C6D0058F46F /* ../../LionSettings/LionMultiValuesViewController.h in CopyFiles */ = {isa = PBXBuildFile; fileRef = A2A7236917F928AF00B82D62 /* ../../LionSettings/LionMultiValuesViewController.h */; };
		740BD0D718617C6D0058F46F /* ../../LionSettings/LionSettingsViewController.h in CopyFiles */ = {isa = PBXBuildFile; fileRef = A2A7236B17F928AF00B82D62 /* ../../LionSettings/LionSettingsViewController.h */; };
		740BD0D818617C6E0058F46F /* ../../LionSettings/LlamaSettings.h in CopyFiles */ = {isa = PBXBuildFile; fileRef = A2A7236D17F928AF00B82D62 /* ../../LionSettings/LlamaSettings.h */; };
		740BD0D918617C6E0058F46F /* ../../../LionSettings/Views/ColorBoxPicker.h in CopyFiles */ = {isa = PBXBuildFile; fileRef = A2A7238217F928AF00B82D62 /* ../../../LionSettings/Views/ColorBoxPicker.h */; };
		740BD0DA18617C6E0058F46F /* ../../../LionSettings/Views/ColorTouchPicker.h in CopyFiles */ = {isa = PBXBuildFile; fileRef = A2A7238417F928AF00B82D62 /* ../../../LionSettings/Views/ColorTouchPicker.h */; };
		740BD0DB18617C6E0058F46F /* ../../../LionSettings/Views/LSColorDisplay.h in CopyFiles */ = {isa = PBXBuildFile; fileRef = A2A7238617F928AF00B82D62 /* ../../../LionSettings/Views/LSColorDisplay.h */; };
		740BD0DC18617C6E0058F46F /* ../../../LionSettings/Views/WebViewController.h in CopyFiles */ = {isa = PBXBuildFile; fileRef = A2A7238817F928AF00B82D62 /* ../../../LionSettings/Views/WebViewController.h */; };
		7420AA3717C51F7F00776F9B /* Settings.bundle in Resources */ = {isa = PBXBuildFile; fileRef = 7420AA3617C51F7F00776F9B /* Settings.bundle */; };
		74732C4A17C52230006747C7 /* XCTest.framework in Frameworks */ = {isa = PBXBuildFile; fileRef = 74732C4917C52230006747C7 /* XCTest.framework */; };
		74732C4B17C52230006747C7 /* Foundation.framework in Frameworks */ = {isa = PBXBuildFile; fileRef = 1D30AB110D05D00D00671497 /* Foundation.framework */; };
		74732C4C17C52230006747C7 /* UIKit.framework in Frameworks */ = {isa = PBXBuildFile; fileRef = 1DF5F4DF0D08C38300B7A737 /* UIKit.framework */; };
		74732C4F17C52230006747C7 /* libLionSettingsLibrary.a in Frameworks */ = {isa = PBXBuildFile; fileRef = 74732C3B17C5222F006747C7 /* libLionSettingsLibrary.a */; };
		74732C5517C52230006747C7 /* InfoPlist.strings in Resources */ = {isa = PBXBuildFile; fileRef = 74732C5317C52230006747C7 /* InfoPlist.strings */; };
		74732C5717C52230006747C7 /* LionSettingsLibraryTests.m in Sources */ = {isa = PBXBuildFile; fileRef = 74732C5617C52230006747C7 /* LionSettingsLibraryTests.m */; };
		74E15A0A1B952E8200E522A3 /* Default-568h@2x.png in Resources */ = {isa = PBXBuildFile; fileRef = 74E15A091B952E8200E522A3 /* Default-568h@2x.png */; };
		74E49519186BCDB600C13D52 /* ../../LionSettings/LlamaSettingsNotes.txt in CopyFiles */ = {isa = PBXBuildFile; fileRef = A2A7236F17F928AF00B82D62 /* ../../LionSettings/LlamaSettingsNotes.txt */; };
		A23B2A34180D305900C270A4 /* ../../../LionSettings/Helpers/ColorHelper.m in Sources */ = {isa = PBXBuildFile; fileRef = A2A7236817F928AF00B82D62 /* ../../../LionSettings/Helpers/ColorHelper.m */; };
		A23B2A35180D305900C270A4 /* ../../LionSettings/LionMultiValuesViewController.m in Sources */ = {isa = PBXBuildFile; fileRef = A2A7236A17F928AF00B82D62 /* ../../LionSettings/LionMultiValuesViewController.m */; };
		A23B2A36180D305900C270A4 /* ../../LionSettings/LionSettingsViewController.m in Sources */ = {isa = PBXBuildFile; fileRef = A2A7236C17F928AF00B82D62 /* ../../LionSettings/LionSettingsViewController.m */; };
		A23B2A37180D305900C270A4 /* ../../LionSettings/LlamaSettings.m in Sources */ = {isa = PBXBuildFile; fileRef = A2A7236E17F928AF00B82D62 /* ../../LionSettings/LlamaSettings.m */; };
		A23B2A38180D305900C270A4 /* ../../../LionSettings/TableCells/ButtonCell.m in Sources */ = {isa = PBXBuildFile; fileRef = A2A7237217F928AF00B82D62 /* ../../../LionSettings/TableCells/ButtonCell.m */; };
		A23B2A39180D305900C270A4 /* ../../../LionSettings/TableCells/CellFullWide.m in Sources */ = {isa = PBXBuildFile; fileRef = A2A7237417F928AF00B82D62 /* ../../../LionSettings/TableCells/CellFullWide.m */; };
		A23B2A3A180D305900C270A4 /* ../../../LionSettings/TableCells/CellTextField.m in Sources */ = {isa = PBXBuildFile; fileRef = A2A7237617F928AF00B82D62 /* ../../../LionSettings/TableCells/CellTextField.m */; };
		A23B2A3B180D305900C270A4 /* ../../../LionSettings/TableCells/CellTextView.m in Sources */ = {isa = PBXBuildFile; fileRef = A2A7237817F928AF00B82D62 /* ../../../LionSettings/TableCells/CellTextView.m */; };
		A23B2A3C180D305900C270A4 /* ../../../LionSettings/TableCells/DisplayCell.m in Sources */ = {isa = PBXBuildFile; fileRef = A2A7237A17F928AF00B82D62 /* ../../../LionSettings/TableCells/DisplayCell.m */; };
		A23B2A3D180D305900C270A4 /* ../../../LionSettings/TableCells/EditableTableViewCell.m in Sources */ = {isa = PBXBuildFile; fileRef = A2A7237C17F928AF00B82D62 /* ../../../LionSettings/TableCells/EditableTableViewCell.m */; };
		A23B2A3E180D305900C270A4 /* ../../../LionSettings/TableCells/SliderCell.m in Sources */ = {isa = PBXBuildFile; fileRef = A2A7237E17F928AF00B82D62 /* ../../../LionSettings/TableCells/SliderCell.m */; };
		A23B2A3F180D305900C270A4 /* ../../../LionSettings/TableCells/SourceCell.m in Sources */ = {isa = PBXBuildFile; fileRef = A2A7238017F928AF00B82D62 /* ../../../LionSettings/TableCells/SourceCell.m */; };
		A23B2A40180D305900C270A4 /* ../../../LionSettings/Views/ColorBoxPicker.m in Sources */ = {isa = PBXBuildFile; fileRef = A2A7238317F928AF00B82D62 /* ../../../LionSettings/Views/ColorBoxPicker.m */; };
		A23B2A41180D305900C270A4 /* ../../../LionSettings/Views/ColorTouchPicker.m in Sources */ = {isa = PBXBuildFile; fileRef = A2A7238517F928AF00B82D62 /* ../../../LionSettings/Views/ColorTouchPicker.m */; };
		A23B2A42180D305900C270A4 /* ../../../LionSettings/Views/LSColorDisplay.m in Sources */ = {isa = PBXBuildFile; fileRef = A2A7238717F928AF00B82D62 /* ../../../LionSettings/Views/LSColorDisplay.m */; };
		A23B2A43180D305900C270A4 /* ../../../LionSettings/Views/WebViewController.m in Sources */ = {isa = PBXBuildFile; fileRef = A2A7238917F928AF00B82D62 /* ../../../LionSettings/Views/WebViewController.m */; };
		A23B2A44180D306A00C270A4 /* ../../LionSettings/Constants.h in Headers */ = {isa = PBXBuildFile; fileRef = A2A7236517F928AF00B82D62 /* ../../LionSettings/Constants.h */; settings = {ATTRIBUTES = (Public, ); }; };
		A23B2A45180D306A00C270A4 /* ../../../LionSettings/Helpers/ColorHelper.h in Headers */ = {isa = PBXBuildFile; fileRef = A2A7236717F928AF00B82D62 /* ../../../LionSettings/Helpers/ColorHelper.h */; settings = {ATTRIBUTES = (Public, ); }; };
		A23B2A46180D306A00C270A4 /* ../../LionSettings/LionMultiValuesViewController.h in Headers */ = {isa = PBXBuildFile; fileRef = A2A7236917F928AF00B82D62 /* ../../LionSettings/LionMultiValuesViewController.h */; settings = {ATTRIBUTES = (Public, ); }; };
		A23B2A47180D306A00C270A4 /* ../../LionSettings/LionSettingsViewController.h in Headers */ = {isa = PBXBuildFile; fileRef = A2A7236B17F928AF00B82D62 /* ../../LionSettings/LionSettingsViewController.h */; settings = {ATTRIBUTES = (Public, ); }; };
		A23B2A48180D306A00C270A4 /* ../../LionSettings/LlamaSettings.h in Headers */ = {isa = PBXBuildFile; fileRef = A2A7236D17F928AF00B82D62 /* ../../LionSettings/LlamaSettings.h */; settings = {ATTRIBUTES = (Public, ); }; };
		A23B2A49180D306A00C270A4 /* ../../../LionSettings/TableCells/ButtonCell.h in Headers */ = {isa = PBXBuildFile; fileRef = A2A7237117F928AF00B82D62 /* ../../../LionSettings/TableCells/ButtonCell.h */; settings = {ATTRIBUTES = (Public, ); }; };
		A23B2A4A180D306A00C270A4 /* ../../../LionSettings/TableCells/CellFullWide.h in Headers */ = {isa = PBXBuildFile; fileRef = A2A7237317F928AF00B82D62 /* ../../../LionSettings/TableCells/CellFullWide.h */; settings = {ATTRIBUTES = (Public, ); }; };
		A23B2A4B180D306A00C270A4 /* ../../../LionSettings/TableCells/CellTextField.h in Headers */ = {isa = PBXBuildFile; fileRef = A2A7237517F928AF00B82D62 /* ../../../LionSettings/TableCells/CellTextField.h */; settings = {ATTRIBUTES = (Public, ); }; };
		A23B2A4C180D306A00C270A4 /* ../../../LionSettings/TableCells/CellTextView.h in Headers */ = {isa = PBXBuildFile; fileRef = A2A7237717F928AF00B82D62 /* ../../../LionSettings/TableCells/CellTextView.h */; settings = {ATTRIBUTES = (Public, ); }; };
		A23B2A4D180D306A00C270A4 /* ../../../LionSettings/TableCells/DisplayCell.h in Headers */ = {isa = PBXBuildFile; fileRef = A2A7237917F928AF00B82D62 /* ../../../LionSettings/TableCells/DisplayCell.h */; settings = {ATTRIBUTES = (Public, ); }; };
		A23B2A4E180D306A00C270A4 /* ../../../LionSettings/TableCells/EditableTableViewCell.h in Headers */ = {isa = PBXBuildFile; fileRef = A2A7237B17F928AF00B82D62 /* ../../../LionSettings/TableCells/EditableTableViewCell.h */; settings = {ATTRIBUTES = (Public, ); }; };
		A23B2A4F180D306A00C270A4 /* ../../../LionSettings/TableCells/SliderCell.h in Headers */ = {isa = PBXBuildFile; fileRef = A2A7237D17F928AF00B82D62 /* ../../../LionSettings/TableCells/SliderCell.h */; settings = {ATTRIBUTES = (Public, ); }; };
		A23B2A50180D306A00C270A4 /* ../../../LionSettings/TableCells/SourceCell.h in Headers */ = {isa = PBXBuildFile; fileRef = A2A7237F17F928AF00B82D62 /* ../../../LionSettings/TableCells/SourceCell.h */; settings = {ATTRIBUTES = (Public, ); }; };
		A23B2A51180D306A00C270A4 /* ../../../LionSettings/Views/ColorBoxPicker.h in Headers */ = {isa = PBXBuildFile; fileRef = A2A7238217F928AF00B82D62 /* ../../../LionSettings/Views/ColorBoxPicker.h */; settings = {ATTRIBUTES = (Public, ); }; };
		A23B2A52180D306A00C270A4 /* ../../../LionSettings/Views/ColorTouchPicker.h in Headers */ = {isa = PBXBuildFile; fileRef = A2A7238417F928AF00B82D62 /* ../../../LionSettings/Views/ColorTouchPicker.h */; settings = {ATTRIBUTES = (Public, ); }; };
		A23B2A53180D306A00C270A4 /* ../../../LionSettings/Views/LSColorDisplay.h in Headers */ = {isa = PBXBuildFile; fileRef = A2A7238617F928AF00B82D62 /* ../../../LionSettings/Views/LSColorDisplay.h */; settings = {ATTRIBUTES = (Public, ); }; };
		A23B2A54180D306A00C270A4 /* ../../../LionSettings/Views/WebViewController.h in Headers */ = {isa = PBXBuildFile; fileRef = A2A7238817F928AF00B82D62 /* ../../../LionSettings/Views/WebViewController.h */; settings = {ATTRIBUTES = (Public, ); }; };
		A23B2A5D180D327400C270A4 /* InfoPlist.strings in Resources */ = {isa = PBXBuildFile; fileRef = A23B2A5B180D327400C270A4 /* InfoPlist.strings */; };
		A2A565E6180D38A5000793AF /* Foundation.framework in Frameworks */ = {isa = PBXBuildFile; fileRef = 1D30AB110D05D00D00671497 /* Foundation.framework */; };
		A2A565E7180D38AA000793AF /* UIKit.framework in Frameworks */ = {isa = PBXBuildFile; fileRef = 1DF5F4DF0D08C38300B7A737 /* UIKit.framework */; };
		A2A565EE180D395B000793AF /* CoreGraphics.framework in Frameworks */ = {isa = PBXBuildFile; fileRef = 288765580DF743DE002DB57D /* CoreGraphics.framework */; };
		A2A7238A17F928AF00B82D62 /* ../../../LionSettings/Helpers/ColorHelper.m in Sources */ = {isa = PBXBuildFile; fileRef = A2A7236817F928AF00B82D62 /* ../../../LionSettings/Helpers/ColorHelper.m */; };
		A2A7238B17F928AF00B82D62 /* ../../../LionSettings/Helpers/ColorHelper.m in Sources */ = {isa = PBXBuildFile; fileRef = A2A7236817F928AF00B82D62 /* ../../../LionSettings/Helpers/ColorHelper.m */; settings = {COMPILER_FLAGS = "-fno-objc-arc"; }; };
		A2A7238C17F928AF00B82D62 /* ../../../LionSettings/Helpers/ColorHelper.m in Sources */ = {isa = PBXBuildFile; fileRef = A2A7236817F928AF00B82D62 /* ../../../LionSettings/Helpers/ColorHelper.m */; };
		A2A7238D17F928AF00B82D62 /* ../../LionSettings/LionMultiValuesViewController.m in Sources */ = {isa = PBXBuildFile; fileRef = A2A7236A17F928AF00B82D62 /* ../../LionSettings/LionMultiValuesViewController.m */; };
		A2A7238E17F928AF00B82D62 /* ../../LionSettings/LionMultiValuesViewController.m in Sources */ = {isa = PBXBuildFile; fileRef = A2A7236A17F928AF00B82D62 /* ../../LionSettings/LionMultiValuesViewController.m */; settings = {COMPILER_FLAGS = "-fno-objc-arc"; }; };
		A2A7238F17F928AF00B82D62 /* ../../LionSettings/LionMultiValuesViewController.m in Sources */ = {isa = PBXBuildFile; fileRef = A2A7236A17F928AF00B82D62 /* ../../LionSettings/LionMultiValuesViewController.m */; };
		A2A7239017F928AF00B82D62 /* ../../LionSettings/LionSettingsViewController.m in Sources */ = {isa = PBXBuildFile; fileRef = A2A7236C17F928AF00B82D62 /* ../../LionSettings/LionSettingsViewController.m */; };
		A2A7239117F928AF00B82D62 /* ../../LionSettings/LionSettingsViewController.m in Sources */ = {isa = PBXBuildFile; fileRef = A2A7236C17F928AF00B82D62 /* ../../LionSettings/LionSettingsViewController.m */; settings = {COMPILER_FLAGS = "-fno-objc-arc"; }; };
		A2A7239217F928AF00B82D62 /* ../../LionSettings/LionSettingsViewController.m in Sources */ = {isa = PBXBuildFile; fileRef = A2A7236C17F928AF00B82D62 /* ../../LionSettings/LionSettingsViewController.m */; };
		A2A7239317F928AF00B82D62 /* ../../LionSettings/LlamaSettings.m in Sources */ = {isa = PBXBuildFile; fileRef = A2A7236E17F928AF00B82D62 /* ../../LionSettings/LlamaSettings.m */; };
		A2A7239417F928AF00B82D62 /* ../../LionSettings/LlamaSettings.m in Sources */ = {isa = PBXBuildFile; fileRef = A2A7236E17F928AF00B82D62 /* ../../LionSettings/LlamaSettings.m */; settings = {COMPILER_FLAGS = "-fno-objc-arc"; }; };
		A2A7239517F928AF00B82D62 /* ../../LionSettings/LlamaSettings.m in Sources */ = {isa = PBXBuildFile; fileRef = A2A7236E17F928AF00B82D62 /* ../../LionSettings/LlamaSettings.m */; };
		A2A7239617F928AF00B82D62 /* ../../LionSettings/LlamaSettingsNotes.txt in Resources */ = {isa = PBXBuildFile; fileRef = A2A7236F17F928AF00B82D62 /* ../../LionSettings/LlamaSettingsNotes.txt */; };
		A2A7239717F928AF00B82D62 /* ../../LionSettings/LlamaSettingsNotes.txt in Resources */ = {isa = PBXBuildFile; fileRef = A2A7236F17F928AF00B82D62 /* ../../LionSettings/LlamaSettingsNotes.txt */; };
		A2A7239817F928AF00B82D62 /* ../../../LionSettings/TableCells/ButtonCell.m in Sources */ = {isa = PBXBuildFile; fileRef = A2A7237217F928AF00B82D62 /* ../../../LionSettings/TableCells/ButtonCell.m */; };
		A2A7239917F928AF00B82D62 /* ../../../LionSettings/TableCells/ButtonCell.m in Sources */ = {isa = PBXBuildFile; fileRef = A2A7237217F928AF00B82D62 /* ../../../LionSettings/TableCells/ButtonCell.m */; settings = {COMPILER_FLAGS = "-fno-objc-arc"; }; };
		A2A7239A17F928AF00B82D62 /* ../../../LionSettings/TableCells/ButtonCell.m in Sources */ = {isa = PBXBuildFile; fileRef = A2A7237217F928AF00B82D62 /* ../../../LionSettings/TableCells/ButtonCell.m */; };
		A2A7239B17F928AF00B82D62 /* ../../../LionSettings/TableCells/CellFullWide.m in Sources */ = {isa = PBXBuildFile; fileRef = A2A7237417F928AF00B82D62 /* ../../../LionSettings/TableCells/CellFullWide.m */; };
		A2A7239C17F928AF00B82D62 /* ../../../LionSettings/TableCells/CellFullWide.m in Sources */ = {isa = PBXBuildFile; fileRef = A2A7237417F928AF00B82D62 /* ../../../LionSettings/TableCells/CellFullWide.m */; settings = {COMPILER_FLAGS = "-fno-objc-arc"; }; };
		A2A7239D17F928AF00B82D62 /* ../../../LionSettings/TableCells/CellFullWide.m in Sources */ = {isa = PBXBuildFile; fileRef = A2A7237417F928AF00B82D62 /* ../../../LionSettings/TableCells/CellFullWide.m */; };
		A2A7239E17F928AF00B82D62 /* ../../../LionSettings/TableCells/CellTextField.m in Sources */ = {isa = PBXBuildFile; fileRef = A2A7237617F928AF00B82D62 /* ../../../LionSettings/TableCells/CellTextField.m */; };
		A2A7239F17F928AF00B82D62 /* ../../../LionSettings/TableCells/CellTextField.m in Sources */ = {isa = PBXBuildFile; fileRef = A2A7237617F928AF00B82D62 /* ../../../LionSettings/TableCells/CellTextField.m */; settings = {COMPILER_FLAGS = "-fno-objc-arc"; }; };
		A2A723A017F928AF00B82D62 /* ../../../LionSettings/TableCells/CellTextField.m in Sources */ = {isa = PBXBuildFile; fileRef = A2A7237617F928AF00B82D62 /* ../../../LionSettings/TableCells/CellTextField.m */; };
		A2A723A117F928AF00B82D62 /* ../../../LionSettings/TableCells/CellTextView.m in Sources */ = {isa = PBXBuildFile; fileRef = A2A7237817F928AF00B82D62 /* ../../../LionSettings/TableCells/CellTextView.m */; };
		A2A723A217F928AF00B82D62 /* ../../../LionSettings/TableCells/CellTextView.m in Sources */ = {isa = PBXBuildFile; fileRef = A2A7237817F928AF00B82D62 /* ../../../LionSettings/TableCells/CellTextView.m */; settings = {COMPILER_FLAGS = "-fno-objc-arc"; }; };
		A2A723A317F928AF00B82D62 /* ../../../LionSettings/TableCells/CellTextView.m in Sources */ = {isa = PBXBuildFile; fileRef = A2A7237817F928AF00B82D62 /* ../../../LionSettings/TableCells/CellTextView.m */; };
		A2A723A417F928AF00B82D62 /* ../../../LionSettings/TableCells/DisplayCell.m in Sources */ = {isa = PBXBuildFile; fileRef = A2A7237A17F928AF00B82D62 /* ../../../LionSettings/TableCells/DisplayCell.m */; };
		A2A723A517F928AF00B82D62 /* ../../../LionSettings/TableCells/DisplayCell.m in Sources */ = {isa = PBXBuildFile; fileRef = A2A7237A17F928AF00B82D62 /* ../../../LionSettings/TableCells/DisplayCell.m */; settings = {COMPILER_FLAGS = "-fno-objc-arc"; }; };
		A2A723A617F928AF00B82D62 /* ../../../LionSettings/TableCells/DisplayCell.m in Sources */ = {isa = PBXBuildFile; fileRef = A2A7237A17F928AF00B82D62 /* ../../../LionSettings/TableCells/DisplayCell.m */; };
		A2A723A717F928AF00B82D62 /* ../../../LionSettings/TableCells/EditableTableViewCell.m in Sources */ = {isa = PBXBuildFile; fileRef = A2A7237C17F928AF00B82D62 /* ../../../LionSettings/TableCells/EditableTableViewCell.m */; };
		A2A723A817F928AF00B82D62 /* ../../../LionSettings/TableCells/EditableTableViewCell.m in Sources */ = {isa = PBXBuildFile; fileRef = A2A7237C17F928AF00B82D62 /* ../../../LionSettings/TableCells/EditableTableViewCell.m */; settings = {COMPILER_FLAGS = "-fno-objc-arc"; }; };
		A2A723A917F928AF00B82D62 /* ../../../LionSettings/TableCells/EditableTableViewCell.m in Sources */ = {isa = PBXBuildFile; fileRef = A2A7237C17F928AF00B82D62 /* ../../../LionSettings/TableCells/EditableTableViewCell.m */; };
		A2A723AA17F928AF00B82D62 /* ../../../LionSettings/TableCells/SliderCell.m in Sources */ = {isa = PBXBuildFile; fileRef = A2A7237E17F928AF00B82D62 /* ../../../LionSettings/TableCells/SliderCell.m */; };
		A2A723AB17F928AF00B82D62 /* ../../../LionSettings/TableCells/SliderCell.m in Sources */ = {isa = PBXBuildFile; fileRef = A2A7237E17F928AF00B82D62 /* ../../../LionSettings/TableCells/SliderCell.m */; settings = {COMPILER_FLAGS = "-fno-objc-arc"; }; };
		A2A723AC17F928AF00B82D62 /* ../../../LionSettings/TableCells/SliderCell.m in Sources */ = {isa = PBXBuildFile; fileRef = A2A7237E17F928AF00B82D62 /* ../../../LionSettings/TableCells/SliderCell.m */; };
		A2A723AD17F928AF00B82D62 /* ../../../LionSettings/TableCells/SourceCell.m in Sources */ = {isa = PBXBuildFile; fileRef = A2A7238017F928AF00B82D62 /* ../../../LionSettings/TableCells/SourceCell.m */; };
		A2A723AE17F928AF00B82D62 /* ../../../LionSettings/TableCells/SourceCell.m in Sources */ = {isa = PBXBuildFile; fileRef = A2A7238017F928AF00B82D62 /* ../../../LionSettings/TableCells/SourceCell.m */; settings = {COMPILER_FLAGS = "-fno-objc-arc"; }; };
		A2A723AF17F928AF00B82D62 /* ../../../LionSettings/TableCells/SourceCell.m in Sources */ = {isa = PBXBuildFile; fileRef = A2A7238017F928AF00B82D62 /* ../../../LionSettings/TableCells/SourceCell.m */; };
		A2A723B017F928AF00B82D62 /* ../../../LionSettings/Views/ColorBoxPicker.m in Sources */ = {isa = PBXBuildFile; fileRef = A2A7238317F928AF00B82D62 /* ../../../LionSettings/Views/ColorBoxPicker.m */; };
		A2A723B117F928AF00B82D62 /* ../../../LionSettings/Views/ColorBoxPicker.m in Sources */ = {isa = PBXBuildFile; fileRef = A2A7238317F928AF00B82D62 /* ../../../LionSettings/Views/ColorBoxPicker.m */; settings = {COMPILER_FLAGS = "-fno-objc-arc"; }; };
		A2A723B217F928AF00B82D62 /* ../../../LionSettings/Views/ColorBoxPicker.m in Sources */ = {isa = PBXBuildFile; fileRef = A2A7238317F928AF00B82D62 /* ../../../LionSettings/Views/ColorBoxPicker.m */; };
		A2A723B317F928AF00B82D62 /* ../../../LionSettings/Views/ColorTouchPicker.m in Sources */ = {isa = PBXBuildFile; fileRef = A2A7238517F928AF00B82D62 /* ../../../LionSettings/Views/ColorTouchPicker.m */; };
		A2A723B417F928AF00B82D62 /* ../../../LionSettings/Views/ColorTouchPicker.m in Sources */ = {isa = PBXBuildFile; fileRef = A2A7238517F928AF00B82D62 /* ../../../LionSettings/Views/ColorTouchPicker.m */; settings = {COMPILER_FLAGS = "-fno-objc-arc"; }; };
		A2A723B517F928AF00B82D62 /* ../../../LionSettings/Views/ColorTouchPicker.m in Sources */ = {isa = PBXBuildFile; fileRef = A2A7238517F928AF00B82D62 /* ../../../LionSettings/Views/ColorTouchPicker.m */; };
		A2A723B617F928AF00B82D62 /* ../../../LionSettings/Views/LSColorDisplay.m in Sources */ = {isa = PBXBuildFile; fileRef = A2A7238717F928AF00B82D62 /* ../../../LionSettings/Views/LSColorDisplay.m */; };
		A2A723B717F928AF00B82D62 /* ../../../LionSettings/Views/LSColorDisplay.m in Sources */ = {isa = PBXBuildFile; fileRef = A2A7238717F928AF00B82D62 /* ../../../LionSettings/Views/LSColorDisplay.m */; settings = {COMPILER_FLAGS = "-fno-objc-arc"; }; };
		A2A723B817F928AF00B82D62 /* ../../../LionSettings/Views/LSColorDisplay.m in Sources */ = {isa = PBXBuildFile; fileRef = A2A7238717F928AF00B82D62 /* ../../../LionSettings/Views/LSColorDisplay.m */; };
		A2A723B917F928AF00B82D62 /* ../../../LionSettings/Views/WebViewController.m in Sources */ = {isa = PBXBuildFile; fileRef = A2A7238917F928AF00B82D62 /* ../../../LionSettings/Views/WebViewController.m */; };
		A2A723BA17F928AF00B82D62 /* ../../../LionSettings/Views/WebViewController.m in Sources */ = {isa = PBXBuildFile; fileRef = A2A7238917F928AF00B82D62 /* ../../../LionSettings/Views/WebViewController.m */; settings = {COMPILER_FLAGS = "-fno-objc-arc"; }; };
		A2A723BB17F928AF00B82D62 /* ../../../LionSettings/Views/WebViewController.m in Sources */ = {isa = PBXBuildFile; fileRef = A2A7238917F928AF00B82D62 /* ../../../LionSettings/Views/WebViewController.m */; };
/* End PBXBuildFile section */

/* Begin PBXContainerItemProxy section */
		74732C4D17C52230006747C7 /* PBXContainerItemProxy */ = {
			isa = PBXContainerItemProxy;
			containerPortal = 29B97313FDCFA39411CA2CEA /* Project object */;
			proxyType = 1;
			remoteGlobalIDString = 74732C3A17C5222F006747C7;
			remoteInfo = LionSettingsLibrary;
		};
/* End PBXContainerItemProxy section */

/* Begin PBXCopyFilesBuildPhase section */
		74732C3917C5222F006747C7 /* CopyFiles */ = {
			isa = PBXCopyFilesBuildPhase;
			buildActionMask = 8;
			dstPath = "include/$(PRODUCT_NAME)";
			dstSubfolderSpec = 16;
			files = (
				74E49519186BCDB600C13D52 /* ../../LionSettings/LlamaSettingsNotes.txt in CopyFiles */,
				740BD0D418617C6D0058F46F /* ../../LionSettings/Constants.h in CopyFiles */,
				740BD0D518617C6D0058F46F /* ../../../LionSettings/Helpers/ColorHelper.h in CopyFiles */,
				740BD0D618617C6D0058F46F /* ../../LionSettings/LionMultiValuesViewController.h in CopyFiles */,
				740BD0D718617C6D0058F46F /* ../../LionSettings/LionSettingsViewController.h in CopyFiles */,
				740BD0D818617C6E0058F46F /* ../../LionSettings/LlamaSettings.h in CopyFiles */,
				740BD0D918617C6E0058F46F /* ../../../LionSettings/Views/ColorBoxPicker.h in CopyFiles */,
				740BD0DA18617C6E0058F46F /* ../../../LionSettings/Views/ColorTouchPicker.h in CopyFiles */,
				740BD0DB18617C6E0058F46F /* ../../../LionSettings/Views/LSColorDisplay.h in CopyFiles */,
				740BD0DC18617C6E0058F46F /* ../../../LionSettings/Views/WebViewController.h in CopyFiles */,
			);
			runOnlyForDeploymentPostprocessing = 1;
		};
/* End PBXCopyFilesBuildPhase section */

/* Begin PBXFileReference section */
		1D30AB110D05D00D00671497 /* Foundation.framework */ = {isa = PBXFileReference; lastKnownFileType = wrapper.framework; name = Foundation.framework; path = System/Library/Frameworks/Foundation.framework; sourceTree = SDKROOT; };
		1D3623240D0F684500981E51 /* LSExampleAppDelegate.h */ = {isa = PBXFileReference; fileEncoding = 4; lastKnownFileType = sourcecode.c.h; path = LSExampleAppDelegate.h; sourceTree = "<group>"; };
		1D3623250D0F684500981E51 /* LSExampleAppDelegate.m */ = {isa = PBXFileReference; fileEncoding = 4; lastKnownFileType = sourcecode.c.objc; path = LSExampleAppDelegate.m; sourceTree = "<group>"; };
		1D6058910D05DD3D006BFB54 /* LSExample.app */ = {isa = PBXFileReference; explicitFileType = wrapper.application; includeInIndex = 0; path = LSExample.app; sourceTree = BUILT_PRODUCTS_DIR; };
		1DF5F4DF0D08C38300B7A737 /* UIKit.framework */ = {isa = PBXFileReference; lastKnownFileType = wrapper.framework; name = UIKit.framework; path = System/Library/Frameworks/UIKit.framework; sourceTree = SDKROOT; };
		280E754A0DD40C5E005A515E /* FlipsideView.xib */ = {isa = PBXFileReference; lastKnownFileType = file.xib; path = FlipsideView.xib; sourceTree = "<group>"; };
		280E754B0DD40C5E005A515E /* MainView.xib */ = {isa = PBXFileReference; lastKnownFileType = file.xib; path = MainView.xib; sourceTree = "<group>"; };
		280E754C0DD40C5E005A515E /* MainWindow.xib */ = {isa = PBXFileReference; lastKnownFileType = file.xib; path = MainWindow.xib; sourceTree = "<group>"; };
		288765580DF743DE002DB57D /* CoreGraphics.framework */ = {isa = PBXFileReference; lastKnownFileType = wrapper.framework; name = CoreGraphics.framework; path = System/Library/Frameworks/CoreGraphics.framework; sourceTree = SDKROOT; };
		289233A20DB2D0840083E9F9 /* FlipsideView.h */ = {isa = PBXFileReference; fileEncoding = 4; lastKnownFileType = sourcecode.c.h; path = FlipsideView.h; sourceTree = "<group>"; };
		289233A30DB2D0840083E9F9 /* FlipsideView.m */ = {isa = PBXFileReference; fileEncoding = 4; lastKnownFileType = sourcecode.c.objc; path = FlipsideView.m; sourceTree = "<group>"; };
		289233A40DB2D0840083E9F9 /* MainView.h */ = {isa = PBXFileReference; fileEncoding = 4; lastKnownFileType = sourcecode.c.h; path = MainView.h; sourceTree = "<group>"; };
		289233A50DB2D0840083E9F9 /* MainView.m */ = {isa = PBXFileReference; fileEncoding = 4; lastKnownFileType = sourcecode.c.objc; path = MainView.m; sourceTree = "<group>"; };
		289233A80DB2D0DB0083E9F9 /* MainViewController.h */ = {isa = PBXFileReference; fileEncoding = 4; lastKnownFileType = sourcecode.c.h; path = MainViewController.h; sourceTree = "<group>"; };
		289233A90DB2D0DB0083E9F9 /* MainViewController.m */ = {isa = PBXFileReference; fileEncoding = 4; lastKnownFileType = sourcecode.c.objc; path = MainViewController.m; sourceTree = "<group>"; };
		289233AA0DB2D0DB0083E9F9 /* RootViewController.h */ = {isa = PBXFileReference; fileEncoding = 4; lastKnownFileType = sourcecode.c.h; path = RootViewController.h; sourceTree = "<group>"; };
		289233AB0DB2D0DB0083E9F9 /* RootViewController.m */ = {isa = PBXFileReference; fileEncoding = 4; lastKnownFileType = sourcecode.c.objc; path = RootViewController.m; sourceTree = "<group>"; };
		289233AC0DB2D0DB0083E9F9 /* FlipsideViewController.h */ = {isa = PBXFileReference; fileEncoding = 4; lastKnownFileType = sourcecode.c.h; path = FlipsideViewController.h; sourceTree = "<group>"; };
		289233AD0DB2D0DB0083E9F9 /* FlipsideViewController.m */ = {isa = PBXFileReference; fileEncoding = 4; lastKnownFileType = sourcecode.c.objc; path = FlipsideViewController.m; sourceTree = "<group>"; };
		29B97316FDCFA39411CA2CEA /* main.m */ = {isa = PBXFileReference; fileEncoding = 4; lastKnownFileType = sourcecode.c.objc; path = main.m; sourceTree = "<group>"; };
		32CA4F630368D1EE00C91783 /* LSExample_Prefix.pch */ = {isa = PBXFileReference; fileEncoding = 4; lastKnownFileType = sourcecode.c.h; path = LSExample_Prefix.pch; sourceTree = "<group>"; };
		5E2FCF620FC3B70500A1E9EF /* MediaPlayer.framework */ = {isa = PBXFileReference; lastKnownFileType = wrapper.framework; name = MediaPlayer.framework; path = System/Library/Frameworks/MediaPlayer.framework; sourceTree = SDKROOT; };
		5E67306F0F85B2EB0094A5B9 /* Icon.png */ = {isa = PBXFileReference; lastKnownFileType = image.png; path = Icon.png; sourceTree = "<group>"; };
		5EEB72A90FC31E070052FAA7 /* mySettings.plist */ = {isa = PBXFileReference; fileEncoding = 4; lastKnownFileType = text.plist.xml; path = mySettings.plist; sourceTree = "<group>"; };
		5EEB72BE0FC31F630052FAA7 /* example.html */ = {isa = PBXFileReference; fileEncoding = 4; lastKnownFileType = text.html; path = example.html; sourceTree = "<group>"; };
		7420AA3617C51F7F00776F9B /* Settings.bundle */ = {isa = PBXFileReference; lastKnownFileType = "wrapper.plug-in"; path = Settings.bundle; sourceTree = "<group>"; };
		74732C3B17C5222F006747C7 /* libLionSettingsLibrary.a */ = {isa = PBXFileReference; explicitFileType = archive.ar; includeInIndex = 0; path = libLionSettingsLibrary.a; sourceTree = BUILT_PRODUCTS_DIR; };
		74732C3F17C5222F006747C7 /* LionSettingsLibrary-Prefix.pch */ = {isa = PBXFileReference; lastKnownFileType = sourcecode.c.h; path = "LionSettingsLibrary-Prefix.pch"; sourceTree = "<group>"; };
		74732C4817C52230006747C7 /* LionSettingsLibraryTests.xctest */ = {isa = PBXFileReference; explicitFileType = wrapper.cfbundle; includeInIndex = 0; path = LionSettingsLibraryTests.xctest; sourceTree = BUILT_PRODUCTS_DIR; };
		74732C4917C52230006747C7 /* XCTest.framework */ = {isa = PBXFileReference; lastKnownFileType = wrapper.framework; name = XCTest.framework; path = Library/Frameworks/XCTest.framework; sourceTree = DEVELOPER_DIR; };
		74732C5217C52230006747C7 /* LionSettingsLibraryTests-Info.plist */ = {isa = PBXFileReference; lastKnownFileType = text.plist.xml; path = "LionSettingsLibraryTests-Info.plist"; sourceTree = "<group>"; };
		74732C5417C52230006747C7 /* en */ = {isa = PBXFileReference; lastKnownFileType = text.plist.strings; name = en; path = en.lproj/InfoPlist.strings; sourceTree = "<group>"; };
		74732C5617C52230006747C7 /* LionSettingsLibraryTests.m */ = {isa = PBXFileReference; lastKnownFileType = sourcecode.c.objc; path = LionSettingsLibraryTests.m; sourceTree = "<group>"; };
		74D65653187A984900CEDAD3 /* zh-Hans */ = {isa = PBXFileReference; lastKnownFileType = text.plist.strings; name = "zh-Hans"; path = "zh-Hans.lproj/InfoPlist.strings"; sourceTree = "<group>"; };
		74D65654187A984900CEDAD3 /* zh-Hans */ = {isa = PBXFileReference; lastKnownFileType = text.plist.strings; name = "zh-Hans"; path = "zh-Hans.lproj/InfoPlist.strings"; sourceTree = "<group>"; };
		74E15A091B952E8200E522A3 /* Default-568h@2x.png */ = {isa = PBXFileReference; lastKnownFileType = image.png; path = "Default-568h@2x.png"; sourceTree = "<group>"; };
		74E4953D186BCF3A00C13D52 /* LionSettings.h */ = {isa = PBXFileReference; lastKnownFileType = sourcecode.c.h; path = LionSettings.h; sourceTree = "<group>"; };
		8D1107310486CEB800E47090 /* Info.plist */ = {isa = PBXFileReference; fileEncoding = 4; lastKnownFileType = text.plist.xml; path = Info.plist; sourceTree = "<group>"; };
		A23B2A29180D302D00C270A4 /* LionSettings.framework */ = {isa = PBXFileReference; explicitFileType = wrapper.cfbundle; includeInIndex = 0; path = LionSettings.framework; sourceTree = BUILT_PRODUCTS_DIR; };
		A23B2A2C180D302E00C270A4 /* LionSettings-Info.plist */ = {isa = PBXFileReference; lastKnownFileType = text.plist.xml; path = "LionSettings-Info.plist"; sourceTree = "<group>"; };
		A23B2A30180D302E00C270A4 /* LionSettings-Prefix.pch */ = {isa = PBXFileReference; lastKnownFileType = sourcecode.c.h; path = "LionSettings-Prefix.pch"; sourceTree = "<group>"; };
		A23B2A57180D312900C270A4 /* QuartzCore.framework */ = {isa = PBXFileReference; lastKnownFileType = wrapper.framework; name = QuartzCore.framework; path = System/Library/Frameworks/QuartzCore.framework; sourceTree = SDKROOT; };
		A23B2A5C180D327400C270A4 /* en */ = {isa = PBXFileReference; lastKnownFileType = text.plist.strings; name = en; path = en.lproj/InfoPlist.strings; sourceTree = "<group>"; };
		A23B2A5E180D328300C270A4 /* CFNetwork.framework */ = {isa = PBXFileReference; lastKnownFileType = wrapper.framework; name = CFNetwork.framework; path = System/Library/Frameworks/CFNetwork.framework; sourceTree = SDKROOT; };
		A23B2A60180D32CA00C270A4 /* LionSettings.h */ = {isa = PBXFileReference; lastKnownFileType = sourcecode.c.h; path = LionSettings.h; sourceTree = "<group>"; };
		A2A7236517F928AF00B82D62 /* ../../LionSettings/Constants.h */ = {isa = PBXFileReference; fileEncoding = 4; lastKnownFileType = sourcecode.c.h; path = ../../LionSettings/Constants.h; sourceTree = "<group>"; };
		A2A7236717F928AF00B82D62 /* ../../../LionSettings/Helpers/ColorHelper.h */ = {isa = PBXFileReference; fileEncoding = 4; lastKnownFileType = sourcecode.c.h; path = ../../../LionSettings/Helpers/ColorHelper.h; sourceTree = "<group>"; };
		A2A7236817F928AF00B82D62 /* ../../../LionSettings/Helpers/ColorHelper.m */ = {isa = PBXFileReference; fileEncoding = 4; lastKnownFileType = sourcecode.c.objc; path = ../../../LionSettings/Helpers/ColorHelper.m; sourceTree = "<group>"; };
		A2A7236917F928AF00B82D62 /* ../../LionSettings/LionMultiValuesViewController.h */ = {isa = PBXFileReference; fileEncoding = 4; lastKnownFileType = sourcecode.c.h; path = ../../LionSettings/LionMultiValuesViewController.h; sourceTree = "<group>"; };
		A2A7236A17F928AF00B82D62 /* ../../LionSettings/LionMultiValuesViewController.m */ = {isa = PBXFileReference; fileEncoding = 4; lastKnownFileType = sourcecode.c.objc; path = ../../LionSettings/LionMultiValuesViewController.m; sourceTree = "<group>"; };
		A2A7236B17F928AF00B82D62 /* ../../LionSettings/LionSettingsViewController.h */ = {isa = PBXFileReference; fileEncoding = 4; lastKnownFileType = sourcecode.c.h; path = ../../LionSettings/LionSettingsViewController.h; sourceTree = "<group>"; };
		A2A7236C17F928AF00B82D62 /* ../../LionSettings/LionSettingsViewController.m */ = {isa = PBXFileReference; fileEncoding = 4; lastKnownFileType = sourcecode.c.objc; path = ../../LionSettings/LionSettingsViewController.m; sourceTree = "<group>"; };
		A2A7236D17F928AF00B82D62 /* ../../LionSettings/LlamaSettings.h */ = {isa = PBXFileReference; fileEncoding = 4; lastKnownFileType = sourcecode.c.h; path = ../../LionSettings/LlamaSettings.h; sourceTree = "<group>"; };
		A2A7236E17F928AF00B82D62 /* ../../LionSettings/LlamaSettings.m */ = {isa = PBXFileReference; fileEncoding = 4; lastKnownFileType = sourcecode.c.objc; path = ../../LionSettings/LlamaSettings.m; sourceTree = "<group>"; };
		A2A7236F17F928AF00B82D62 /* ../../LionSettings/LlamaSettingsNotes.txt */ = {isa = PBXFileReference; fileEncoding = 4; lastKnownFileType = text; path = ../../LionSettings/LlamaSettingsNotes.txt; sourceTree = "<group>"; };
		A2A7237117F928AF00B82D62 /* ../../../LionSettings/TableCells/ButtonCell.h */ = {isa = PBXFileReference; fileEncoding = 4; lastKnownFileType = sourcecode.c.h; path = ../../../LionSettings/TableCells/ButtonCell.h; sourceTree = "<group>"; };
		A2A7237217F928AF00B82D62 /* ../../../LionSettings/TableCells/ButtonCell.m */ = {isa = PBXFileReference; fileEncoding = 4; lastKnownFileType = sourcecode.c.objc; path = ../../../LionSettings/TableCells/ButtonCell.m; sourceTree = "<group>"; };
		A2A7237317F928AF00B82D62 /* ../../../LionSettings/TableCells/CellFullWide.h */ = {isa = PBXFileReference; fileEncoding = 4; lastKnownFileType = sourcecode.c.h; path = ../../../LionSettings/TableCells/CellFullWide.h; sourceTree = "<group>"; };
		A2A7237417F928AF00B82D62 /* ../../../LionSettings/TableCells/CellFullWide.m */ = {isa = PBXFileReference; fileEncoding = 4; lastKnownFileType = sourcecode.c.objc; path = ../../../LionSettings/TableCells/CellFullWide.m; sourceTree = "<group>"; };
		A2A7237517F928AF00B82D62 /* ../../../LionSettings/TableCells/CellTextField.h */ = {isa = PBXFileReference; fileEncoding = 4; lastKnownFileType = sourcecode.c.h; path = ../../../LionSettings/TableCells/CellTextField.h; sourceTree = "<group>"; };
		A2A7237617F928AF00B82D62 /* ../../../LionSettings/TableCells/CellTextField.m */ = {isa = PBXFileReference; fileEncoding = 4; lastKnownFileType = sourcecode.c.objc; path = ../../../LionSettings/TableCells/CellTextField.m; sourceTree = "<group>"; };
		A2A7237717F928AF00B82D62 /* ../../../LionSettings/TableCells/CellTextView.h */ = {isa = PBXFileReference; fileEncoding = 4; lastKnownFileType = sourcecode.c.h; path = ../../../LionSettings/TableCells/CellTextView.h; sourceTree = "<group>"; };
		A2A7237817F928AF00B82D62 /* ../../../LionSettings/TableCells/CellTextView.m */ = {isa = PBXFileReference; fileEncoding = 4; lastKnownFileType = sourcecode.c.objc; path = ../../../LionSettings/TableCells/CellTextView.m; sourceTree = "<group>"; };
		A2A7237917F928AF00B82D62 /* ../../../LionSettings/TableCells/DisplayCell.h */ = {isa = PBXFileReference; fileEncoding = 4; lastKnownFileType = sourcecode.c.h; path = ../../../LionSettings/TableCells/DisplayCell.h; sourceTree = "<group>"; };
		A2A7237A17F928AF00B82D62 /* ../../../LionSettings/TableCells/DisplayCell.m */ = {isa = PBXFileReference; fileEncoding = 4; lastKnownFileType = sourcecode.c.objc; path = ../../../LionSettings/TableCells/DisplayCell.m; sourceTree = "<group>"; };
		A2A7237B17F928AF00B82D62 /* ../../../LionSettings/TableCells/EditableTableViewCell.h */ = {isa = PBXFileReference; fileEncoding = 4; lastKnownFileType = sourcecode.c.h; path = ../../../LionSettings/TableCells/EditableTableViewCell.h; sourceTree = "<group>"; };
		A2A7237C17F928AF00B82D62 /* ../../../LionSettings/TableCells/EditableTableViewCell.m */ = {isa = PBXFileReference; fileEncoding = 4; lastKnownFileType = sourcecode.c.objc; path = ../../../LionSettings/TableCells/EditableTableViewCell.m; sourceTree = "<group>"; };
		A2A7237D17F928AF00B82D62 /* ../../../LionSettings/TableCells/SliderCell.h */ = {isa = PBXFileReference; fileEncoding = 4; lastKnownFileType = sourcecode.c.h; path = ../../../LionSettings/TableCells/SliderCell.h; sourceTree = "<group>"; };
		A2A7237E17F928AF00B82D62 /* ../../../LionSettings/TableCells/SliderCell.m */ = {isa = PBXFileReference; fileEncoding = 4; lastKnownFileType = sourcecode.c.objc; path = ../../../LionSettings/TableCells/SliderCell.m; sourceTree = "<group>"; };
		A2A7237F17F928AF00B82D62 /* ../../../LionSettings/TableCells/SourceCell.h */ = {isa = PBXFileReference; fileEncoding = 4; lastKnownFileType = sourcecode.c.h; path = ../../../LionSettings/TableCells/SourceCell.h; sourceTree = "<group>"; };
		A2A7238017F928AF00B82D62 /* ../../../LionSettings/TableCells/SourceCell.m */ = {isa = PBXFileReference; fileEncoding = 4; lastKnownFileType = sourcecode.c.objc; path = ../../../LionSettings/TableCells/SourceCell.m; sourceTree = "<group>"; };
		A2A7238217F928AF00B82D62 /* ../../../LionSettings/Views/ColorBoxPicker.h */ = {isa = PBXFileReference; fileEncoding = 4; lastKnownFileType = sourcecode.c.h; path = ../../../LionSettings/Views/ColorBoxPicker.h; sourceTree = "<group>"; };
		A2A7238317F928AF00B82D62 /* ../../../LionSettings/Views/ColorBoxPicker.m */ = {isa = PBXFileReference; fileEncoding = 4; lastKnownFileType = sourcecode.c.objc; path = ../../../LionSettings/Views/ColorBoxPicker.m; sourceTree = "<group>"; };
		A2A7238417F928AF00B82D62 /* ../../../LionSettings/Views/ColorTouchPicker.h */ = {isa = PBXFileReference; fileEncoding = 4; lastKnownFileType = sourcecode.c.h; path = ../../../LionSettings/Views/ColorTouchPicker.h; sourceTree = "<group>"; };
		A2A7238517F928AF00B82D62 /* ../../../LionSettings/Views/ColorTouchPicker.m */ = {isa = PBXFileReference; fileEncoding = 4; lastKnownFileType = sourcecode.c.objc; path = ../../../LionSettings/Views/ColorTouchPicker.m; sourceTree = "<group>"; };
		A2A7238617F928AF00B82D62 /* ../../../LionSettings/Views/LSColorDisplay.h */ = {isa = PBXFileReference; fileEncoding = 4; lastKnownFileType = sourcecode.c.h; path = ../../../LionSettings/Views/LSColorDisplay.h; sourceTree = "<group>"; };
		A2A7238717F928AF00B82D62 /* ../../../LionSettings/Views/LSColorDisplay.m */ = {isa = PBXFileReference; fileEncoding = 4; lastKnownFileType = sourcecode.c.objc; path = ../../../LionSettings/Views/LSColorDisplay.m; sourceTree = "<group>"; };
		A2A7238817F928AF00B82D62 /* ../../../LionSettings/Views/WebViewController.h */ = {isa = PBXFileReference; fileEncoding = 4; lastKnownFileType = sourcecode.c.h; path = ../../../LionSettings/Views/WebViewController.h; sourceTree = "<group>"; };
		A2A7238917F928AF00B82D62 /* ../../../LionSettings/Views/WebViewController.m */ = {isa = PBXFileReference; fileEncoding = 4; lastKnownFileType = sourcecode.c.objc; path = ../../../LionSettings/Views/WebViewController.m; sourceTree = "<group>"; };
/* End PBXFileReference section */

/* Begin PBXFrameworksBuildPhase section */
		1D60588F0D05DD3D006BFB54 /* Frameworks */ = {
			isa = PBXFrameworksBuildPhase;
			buildActionMask = 2147483647;
			files = (
				1D60589F0D05DD5A006BFB54 /* Foundation.framework in Frameworks */,
				1DF5F4E00D08C38300B7A737 /* UIKit.framework in Frameworks */,
				288765590DF743DE002DB57D /* CoreGraphics.framework in Frameworks */,
				5E2FCF630FC3B70500A1E9EF /* MediaPlayer.framework in Frameworks */,
			);
			runOnlyForDeploymentPostprocessing = 0;
		};
		74732C3817C5222F006747C7 /* Frameworks */ = {
			isa = PBXFrameworksBuildPhase;
			buildActionMask = 2147483647;
			files = (
			);
			runOnlyForDeploymentPostprocessing = 0;
		};
		74732C4517C52230006747C7 /* Frameworks */ = {
			isa = PBXFrameworksBuildPhase;
			buildActionMask = 2147483647;
			files = (
				74732C4A17C52230006747C7 /* XCTest.framework in Frameworks */,
				74732C4C17C52230006747C7 /* UIKit.framework in Frameworks */,
				74732C4F17C52230006747C7 /* libLionSettingsLibrary.a in Frameworks */,
				74732C4B17C52230006747C7 /* Foundation.framework in Frameworks */,
			);
			runOnlyForDeploymentPostprocessing = 0;
		};
		A23B2A23180D302D00C270A4 /* Frameworks */ = {
			isa = PBXFrameworksBuildPhase;
			buildActionMask = 2147483647;
			files = (
				A2A565EE180D395B000793AF /* CoreGraphics.framework in Frameworks */,
				A2A565E7180D38AA000793AF /* UIKit.framework in Frameworks */,
				A2A565E6180D38A5000793AF /* Foundation.framework in Frameworks */,
			);
			runOnlyForDeploymentPostprocessing = 0;
		};
/* End PBXFrameworksBuildPhase section */

/* Begin PBXGroup section */
		080E96DDFE201D6D7F000001 /* Application Controllers */ = {
			isa = PBXGroup;
			children = (
				289233AA0DB2D0DB0083E9F9 /* RootViewController.h */,
				289233AB0DB2D0DB0083E9F9 /* RootViewController.m */,
				1D3623240D0F684500981E51 /* LSExampleAppDelegate.h */,
				1D3623250D0F684500981E51 /* LSExampleAppDelegate.m */,
			);
			path = "Application Controllers";
			sourceTree = "<group>";
		};
		19C28FACFE9D520D11CA2CBB /* Products */ = {
			isa = PBXGroup;
			children = (
				1D6058910D05DD3D006BFB54 /* LSExample.app */,
				74732C3B17C5222F006747C7 /* libLionSettingsLibrary.a */,
				74732C4817C52230006747C7 /* LionSettingsLibraryTests.xctest */,
				A23B2A29180D302D00C270A4 /* LionSettings.framework */,
			);
			name = Products;
			sourceTree = "<group>";
		};
		281C6CD70DB2D82200F60ACC /* Flipside View */ = {
			isa = PBXGroup;
			children = (
				289233A20DB2D0840083E9F9 /* FlipsideView.h */,
				289233A30DB2D0840083E9F9 /* FlipsideView.m */,
				289233AC0DB2D0DB0083E9F9 /* FlipsideViewController.h */,
				289233AD0DB2D0DB0083E9F9 /* FlipsideViewController.m */,
			);
			path = "Flipside View";
			sourceTree = "<group>";
		};
		289233A00DB2D0730083E9F9 /* Main View */ = {
			isa = PBXGroup;
			children = (
				289233A40DB2D0840083E9F9 /* MainView.h */,
				289233A50DB2D0840083E9F9 /* MainView.m */,
				289233A80DB2D0DB0083E9F9 /* MainViewController.h */,
				289233A90DB2D0DB0083E9F9 /* MainViewController.m */,
			);
			path = "Main View";
			sourceTree = "<group>";
		};
		29B97314FDCFA39411CA2CEA /* CustomTemplate */ = {
			isa = PBXGroup;
			children = (
				74E15A091B952E8200E522A3 /* Default-568h@2x.png */,
				A2A7236417F928AF00B82D62 /* LionSettings */,
				289233A00DB2D0730083E9F9 /* Main View */,
				281C6CD70DB2D82200F60ACC /* Flipside View */,
				080E96DDFE201D6D7F000001 /* Application Controllers */,
				29B97315FDCFA39411CA2CEA /* Other Sources */,
				29B97317FDCFA39411CA2CEA /* Resources */,
				74732C3D17C5222F006747C7 /* LionSettingsLibrary */,
				74732C5017C52230006747C7 /* LionSettingsLibraryTests */,
				A23B2A2A180D302E00C270A4 /* LionSettings */,
				29B97323FDCFA39411CA2CEA /* Frameworks */,
				19C28FACFE9D520D11CA2CBB /* Products */,
			);
			name = CustomTemplate;
			sourceTree = "<group>";
		};
		29B97315FDCFA39411CA2CEA /* Other Sources */ = {
			isa = PBXGroup;
			children = (
				32CA4F630368D1EE00C91783 /* LSExample_Prefix.pch */,
				29B97316FDCFA39411CA2CEA /* main.m */,
			);
			path = "Other Sources";
			sourceTree = "<group>";
		};
		29B97317FDCFA39411CA2CEA /* Resources */ = {
			isa = PBXGroup;
			children = (
				5EEB72C10FC31F700052FAA7 /* LlamaSettings Resources */,
				5EEB72C00FC31F6B0052FAA7 /* Core Resources */,
			);
			path = Resources;
			sourceTree = "<group>";
		};
		29B97323FDCFA39411CA2CEA /* Frameworks */ = {
			isa = PBXGroup;
			children = (
				A23B2A5E180D328300C270A4 /* CFNetwork.framework */,
				A23B2A57180D312900C270A4 /* QuartzCore.framework */,
				5E2FCF620FC3B70500A1E9EF /* MediaPlayer.framework */,
				1DF5F4DF0D08C38300B7A737 /* UIKit.framework */,
				1D30AB110D05D00D00671497 /* Foundation.framework */,
				288765580DF743DE002DB57D /* CoreGraphics.framework */,
				74732C4917C52230006747C7 /* XCTest.framework */,
			);
			name = Frameworks;
			sourceTree = "<group>";
		};
		5EEB72C00FC31F6B0052FAA7 /* Core Resources */ = {
			isa = PBXGroup;
			children = (
				5E67306F0F85B2EB0094A5B9 /* Icon.png */,
				280E754A0DD40C5E005A515E /* FlipsideView.xib */,
				280E754B0DD40C5E005A515E /* MainView.xib */,
				280E754C0DD40C5E005A515E /* MainWindow.xib */,
				8D1107310486CEB800E47090 /* Info.plist */,
			);
			path = "Core Resources";
			sourceTree = "<group>";
		};
		5EEB72C10FC31F700052FAA7 /* LlamaSettings Resources */ = {
			isa = PBXGroup;
			children = (
				5EEB72A90FC31E070052FAA7 /* mySettings.plist */,
				5EEB72BE0FC31F630052FAA7 /* example.html */,
				7420AA3617C51F7F00776F9B /* Settings.bundle */,
			);
			path = "LlamaSettings Resources";
			sourceTree = "<group>";
		};
		74732C3D17C5222F006747C7 /* LionSettingsLibrary */ = {
			isa = PBXGroup;
			children = (
				74732C3E17C5222F006747C7 /* Supporting Files */,
				74E4953D186BCF3A00C13D52 /* LionSettings.h */,
			);
			path = LionSettingsLibrary;
			sourceTree = "<group>";
		};
		74732C3E17C5222F006747C7 /* Supporting Files */ = {
			isa = PBXGroup;
			children = (
				74732C3F17C5222F006747C7 /* LionSettingsLibrary-Prefix.pch */,
			);
			path = "Supporting Files";
			sourceTree = "<group>";
		};
		74732C5017C52230006747C7 /* LionSettingsLibraryTests */ = {
			isa = PBXGroup;
			children = (
				74732C5617C52230006747C7 /* LionSettingsLibraryTests.m */,
				74732C5117C52230006747C7 /* Supporting Files */,
			);
			path = LionSettingsLibraryTests;
			sourceTree = "<group>";
		};
		74732C5117C52230006747C7 /* Supporting Files */ = {
			isa = PBXGroup;
			children = (
				74732C5217C52230006747C7 /* LionSettingsLibraryTests-Info.plist */,
				74732C5317C52230006747C7 /* InfoPlist.strings */,
			);
			path = "Supporting Files";
			sourceTree = "<group>";
		};
		A23B2A2A180D302E00C270A4 /* LionSettings */ = {
			isa = PBXGroup;
			children = (
				A23B2A2B180D302E00C270A4 /* Supporting Files */,
				A23B2A60180D32CA00C270A4 /* LionSettings.h */,
			);
			path = LionSettings;
			sourceTree = "<group>";
		};
		A23B2A2B180D302E00C270A4 /* Supporting Files */ = {
			isa = PBXGroup;
			children = (
				A23B2A5B180D327400C270A4 /* InfoPlist.strings */,
				A23B2A2C180D302E00C270A4 /* LionSettings-Info.plist */,
				A23B2A30180D302E00C270A4 /* LionSettings-Prefix.pch */,
			);
			path = "Supporting Files";
			sourceTree = "<group>";
		};
		A2A7236417F928AF00B82D62 /* LionSettings */ = {
			isa = PBXGroup;
			children = (
				A2A7236517F928AF00B82D62 /* ../../LionSettings/Constants.h */,
				A2A7236617F928AF00B82D62 /* Helpers */,
				A2A7236917F928AF00B82D62 /* ../../LionSettings/LionMultiValuesViewController.h */,
				A2A7236A17F928AF00B82D62 /* ../../LionSettings/LionMultiValuesViewController.m */,
				A2A7236B17F928AF00B82D62 /* ../../LionSettings/LionSettingsViewController.h */,
				A2A7236C17F928AF00B82D62 /* ../../LionSettings/LionSettingsViewController.m */,
				A2A7236D17F928AF00B82D62 /* ../../LionSettings/LlamaSettings.h */,
				A2A7236E17F928AF00B82D62 /* ../../LionSettings/LlamaSettings.m */,
				A2A7236F17F928AF00B82D62 /* ../../LionSettings/LlamaSettingsNotes.txt */,
				A2A7237017F928AF00B82D62 /* TableCells */,
				A2A7238117F928AF00B82D62 /* Views */,
			);
			path = LionSettings;
			sourceTree = "<group>";
		};
		A2A7236617F928AF00B82D62 /* Helpers */ = {
			isa = PBXGroup;
			children = (
				A2A7236717F928AF00B82D62 /* ../../../LionSettings/Helpers/ColorHelper.h */,
				A2A7236817F928AF00B82D62 /* ../../../LionSettings/Helpers/ColorHelper.m */,
			);
			path = Helpers;
			sourceTree = "<group>";
		};
		A2A7237017F928AF00B82D62 /* TableCells */ = {
			isa = PBXGroup;
			children = (
				A2A7237117F928AF00B82D62 /* ../../../LionSettings/TableCells/ButtonCell.h */,
				A2A7237217F928AF00B82D62 /* ../../../LionSettings/TableCells/ButtonCell.m */,
				A2A7237317F928AF00B82D62 /* ../../../LionSettings/TableCells/CellFullWide.h */,
				A2A7237417F928AF00B82D62 /* ../../../LionSettings/TableCells/CellFullWide.m */,
				A2A7237517F928AF00B82D62 /* ../../../LionSettings/TableCells/CellTextField.h */,
				A2A7237617F928AF00B82D62 /* ../../../LionSettings/TableCells/CellTextField.m */,
				A2A7237717F928AF00B82D62 /* ../../../LionSettings/TableCells/CellTextView.h */,
				A2A7237817F928AF00B82D62 /* ../../../LionSettings/TableCells/CellTextView.m */,
				A2A7237917F928AF00B82D62 /* ../../../LionSettings/TableCells/DisplayCell.h */,
				A2A7237A17F928AF00B82D62 /* ../../../LionSettings/TableCells/DisplayCell.m */,
				A2A7237B17F928AF00B82D62 /* ../../../LionSettings/TableCells/EditableTableViewCell.h */,
				A2A7237C17F928AF00B82D62 /* ../../../LionSettings/TableCells/EditableTableViewCell.m */,
				A2A7237D17F928AF00B82D62 /* ../../../LionSettings/TableCells/SliderCell.h */,
				A2A7237E17F928AF00B82D62 /* ../../../LionSettings/TableCells/SliderCell.m */,
				A2A7237F17F928AF00B82D62 /* ../../../LionSettings/TableCells/SourceCell.h */,
				A2A7238017F928AF00B82D62 /* ../../../LionSettings/TableCells/SourceCell.m */,
			);
			path = TableCells;
			sourceTree = "<group>";
		};
		A2A7238117F928AF00B82D62 /* Views */ = {
			isa = PBXGroup;
			children = (
				A2A7238217F928AF00B82D62 /* ../../../LionSettings/Views/ColorBoxPicker.h */,
				A2A7238317F928AF00B82D62 /* ../../../LionSettings/Views/ColorBoxPicker.m */,
				A2A7238417F928AF00B82D62 /* ../../../LionSettings/Views/ColorTouchPicker.h */,
				A2A7238517F928AF00B82D62 /* ../../../LionSettings/Views/ColorTouchPicker.m */,
				A2A7238617F928AF00B82D62 /* ../../../LionSettings/Views/LSColorDisplay.h */,
				A2A7238717F928AF00B82D62 /* ../../../LionSettings/Views/LSColorDisplay.m */,
				A2A7238817F928AF00B82D62 /* ../../../LionSettings/Views/WebViewController.h */,
				A2A7238917F928AF00B82D62 /* ../../../LionSettings/Views/WebViewController.m */,
			);
			path = Views;
			sourceTree = "<group>";
		};
/* End PBXGroup section */

/* Begin PBXHeadersBuildPhase section */
		A23B2A24180D302D00C270A4 /* Headers */ = {
			isa = PBXHeadersBuildPhase;
			buildActionMask = 2147483647;
			files = (
				A23B2A44180D306A00C270A4 /* ../../LionSettings/Constants.h in Headers */,
				A23B2A45180D306A00C270A4 /* ../../../LionSettings/Helpers/ColorHelper.h in Headers */,
				A23B2A46180D306A00C270A4 /* ../../LionSettings/LionMultiValuesViewController.h in Headers */,
				A23B2A47180D306A00C270A4 /* ../../LionSettings/LionSettingsViewController.h in Headers */,
				A23B2A48180D306A00C270A4 /* ../../LionSettings/LlamaSettings.h in Headers */,
				A23B2A49180D306A00C270A4 /* ../../../LionSettings/TableCells/ButtonCell.h in Headers */,
				A23B2A4A180D306A00C270A4 /* ../../../LionSettings/TableCells/CellFullWide.h in Headers */,
				A23B2A4B180D306A00C270A4 /* ../../../LionSettings/TableCells/CellTextField.h in Headers */,
				A23B2A4C180D306A00C270A4 /* ../../../LionSettings/TableCells/CellTextView.h in Headers */,
				A23B2A4D180D306A00C270A4 /* ../../../LionSettings/TableCells/DisplayCell.h in Headers */,
				A23B2A4E180D306A00C270A4 /* ../../../LionSettings/TableCells/EditableTableViewCell.h in Headers */,
				A23B2A4F180D306A00C270A4 /* ../../../LionSettings/TableCells/SliderCell.h in Headers */,
				A23B2A50180D306A00C270A4 /* ../../../LionSettings/TableCells/SourceCell.h in Headers */,
				A23B2A51180D306A00C270A4 /* ../../../LionSettings/Views/ColorBoxPicker.h in Headers */,
				A23B2A52180D306A00C270A4 /* ../../../LionSettings/Views/ColorTouchPicker.h in Headers */,
				A23B2A53180D306A00C270A4 /* ../../../LionSettings/Views/LSColorDisplay.h in Headers */,
				A23B2A54180D306A00C270A4 /* ../../../LionSettings/Views/WebViewController.h in Headers */,
			);
			runOnlyForDeploymentPostprocessing = 0;
		};
/* End PBXHeadersBuildPhase section */

/* Begin PBXNativeTarget section */
		1D6058900D05DD3D006BFB54 /* LSExample */ = {
			isa = PBXNativeTarget;
			buildConfigurationList = 1D6058960D05DD3E006BFB54 /* Build configuration list for PBXNativeTarget "LSExample" */;
			buildPhases = (
				1D60588D0D05DD3D006BFB54 /* Resources */,
				1D60588E0D05DD3D006BFB54 /* Sources */,
				1D60588F0D05DD3D006BFB54 /* Frameworks */,
			);
			buildRules = (
			);
			dependencies = (
			);
			name = LSExample;
			productName = LSExample;
			productReference = 1D6058910D05DD3D006BFB54 /* LSExample.app */;
			productType = "com.apple.product-type.application";
		};
		74732C3A17C5222F006747C7 /* LionSettingsLibrary */ = {
			isa = PBXNativeTarget;
			buildConfigurationList = 74732C5817C52230006747C7 /* Build configuration list for PBXNativeTarget "LionSettingsLibrary" */;
			buildPhases = (
				74732C3717C5222F006747C7 /* Sources */,
				74732C3817C5222F006747C7 /* Frameworks */,
				74732C3917C5222F006747C7 /* CopyFiles */,
			);
			buildRules = (
			);
			dependencies = (
			);
			name = LionSettingsLibrary;
			productName = LionSettingsLibrary;
			productReference = 74732C3B17C5222F006747C7 /* libLionSettingsLibrary.a */;
			productType = "com.apple.product-type.library.static";
		};
		74732C4717C52230006747C7 /* LionSettingsLibraryTests */ = {
			isa = PBXNativeTarget;
			buildConfigurationList = 74732C5B17C52230006747C7 /* Build configuration list for PBXNativeTarget "LionSettingsLibraryTests" */;
			buildPhases = (
				74732C4417C52230006747C7 /* Sources */,
				74732C4517C52230006747C7 /* Frameworks */,
				74732C4617C52230006747C7 /* Resources */,
			);
			buildRules = (
			);
			dependencies = (
				74732C4E17C52230006747C7 /* PBXTargetDependency */,
			);
			name = LionSettingsLibraryTests;
			productName = LionSettingsLibraryTests;
			productReference = 74732C4817C52230006747C7 /* LionSettingsLibraryTests.xctest */;
			productType = "com.apple.product-type.bundle.unit-test";
		};
		A23B2A28180D302D00C270A4 /* LionSettings */ = {
			isa = PBXNativeTarget;
			buildConfigurationList = A23B2A31180D302E00C270A4 /* Build configuration list for PBXNativeTarget "LionSettings" */;
			buildPhases = (
				A23B2A21180D302D00C270A4 /* ShellScript */,
				A23B2A22180D302D00C270A4 /* Sources */,
				A23B2A23180D302D00C270A4 /* Frameworks */,
				A23B2A24180D302D00C270A4 /* Headers */,
				A23B2A25180D302D00C270A4 /* Resources */,
				A23B2A26180D302D00C270A4 /* ShellScript */,
				A23B2A27180D302D00C270A4 /* ShellScript */,
			);
			buildRules = (
			);
			dependencies = (
			);
			name = LionSettings;
			productName = LionSettings;
			productReference = A23B2A29180D302D00C270A4 /* LionSettings.framework */;
			productType = "com.apple.product-type.bundle";
		};
/* End PBXNativeTarget section */

/* Begin PBXProject section */
		29B97313FDCFA39411CA2CEA /* Project object */ = {
			isa = PBXProject;
			attributes = {
				LastUpgradeCheck = 0640;
				ORGANIZATIONNAME = Deheng.Xu;
				TargetAttributes = {
					1D6058900D05DD3D006BFB54 = {
						DevelopmentTeam = 375GT6S3QN;
					};
					74732C4717C52230006747C7 = {
						TestTargetID = 1D6058900D05DD3D006BFB54;
					};
				};
			};
			buildConfigurationList = C01FCF4E08A954540054247B /* Build configuration list for PBXProject "LSExample" */;
			compatibilityVersion = "Xcode 3.2";
			developmentRegion = English;
			hasScannedForEncodings = 1;
			knownRegions = (
				English,
				Japanese,
				French,
				German,
				en,
				"zh-Hans",
			);
			mainGroup = 29B97314FDCFA39411CA2CEA /* CustomTemplate */;
			projectDirPath = "";
			projectRoot = "";
			targets = (
				1D6058900D05DD3D006BFB54 /* LSExample */,
				74732C3A17C5222F006747C7 /* LionSettingsLibrary */,
				74732C4717C52230006747C7 /* LionSettingsLibraryTests */,
				A23B2A28180D302D00C270A4 /* LionSettings */,
				A261682017CEDE4C00904EF4 /* LionSettingsDocset */,
				A261682517CEE87600904EF4 /* DoxygenLionSettingsDocset */,
			);
		};
/* End PBXProject section */

/* Begin PBXResourcesBuildPhase section */
		1D60588D0D05DD3D006BFB54 /* Resources */ = {
			isa = PBXResourcesBuildPhase;
			buildActionMask = 2147483647;
			files = (
				7420AA3717C51F7F00776F9B /* Settings.bundle in Resources */,
				280E754D0DD40C5E005A515E /* FlipsideView.xib in Resources */,
				74E15A0A1B952E8200E522A3 /* Default-568h@2x.png in Resources */,
				280E754E0DD40C5E005A515E /* MainView.xib in Resources */,
				280E754F0DD40C5E005A515E /* MainWindow.xib in Resources */,
				5E6730700F85B2EB0094A5B9 /* Icon.png in Resources */,
				A2A7239617F928AF00B82D62 /* ../../LionSettings/LlamaSettingsNotes.txt in Resources */,
				5EEB72AA0FC31E070052FAA7 /* mySettings.plist in Resources */,
				5EEB72BF0FC31F630052FAA7 /* example.html in Resources */,
			);
			runOnlyForDeploymentPostprocessing = 0;
		};
		74732C4617C52230006747C7 /* Resources */ = {
			isa = PBXResourcesBuildPhase;
			buildActionMask = 2147483647;
			files = (
				74732C5517C52230006747C7 /* InfoPlist.strings in Resources */,
				A2A7239717F928AF00B82D62 /* ../../LionSettings/LlamaSettingsNotes.txt in Resources */,
			);
			runOnlyForDeploymentPostprocessing = 0;
		};
		A23B2A25180D302D00C270A4 /* Resources */ = {
			isa = PBXResourcesBuildPhase;
			buildActionMask = 2147483647;
			files = (
				A23B2A5D180D327400C270A4 /* InfoPlist.strings in Resources */,
			);
			runOnlyForDeploymentPostprocessing = 0;
		};
/* End PBXResourcesBuildPhase section */

/* Begin PBXShellScriptBuildPhase section */
		A23B2A21180D302D00C270A4 /* ShellScript */ = {
			isa = PBXShellScriptBuildPhase;
			buildActionMask = 2147483647;
			files = (
			);
			inputPaths = (
			);
			outputPaths = (
			);
			runOnlyForDeploymentPostprocessing = 0;
			shellPath = /bin/sh;
			shellScript = "set -e\n\nset +u\nif [[ $UFW_MASTER_SCRIPT_RUNNING ]]\nthen\n    # Nothing for the slave script to do\n    exit 0\nfi\nset -u\n\nif [[ \"$SDK_NAME\" =~ ([A-Za-z]+) ]]\nthen\n    UFW_SDK_PLATFORM=${BASH_REMATCH[1]}\nelse\n    echo \"Could not find platform name from SDK_NAME: $SDK_NAME\"\n    exit 1\nfi\n\nif [[ \"$SDK_NAME\" =~ ([0-9]+.*$) ]]\nthen\n\tUFW_SDK_VERSION=${BASH_REMATCH[1]}\nelse\n    echo \"Could not find sdk version  from SDK_NAME: $SDK_NAME\"\n    exit 1\nfi\n\nif [[ \"$UFW_SDK_PLATFORM\" = \"iphoneos\" ]]\nthen\n    UFW_OTHER_PLATFORM=iphonesimulator\nelse\n    UFW_OTHER_PLATFORM=iphoneos\nfi\n\nif [[ \"$BUILT_PRODUCTS_DIR\" =~ (.*)$UFW_SDK_PLATFORM$ ]]\nthen\n    UFW_OTHER_BUILT_PRODUCTS_DIR=\"${BASH_REMATCH[1]}${UFW_OTHER_PLATFORM}\"\nelse\n    echo \"Could not find $UFW_SDK_PLATFORM in $BUILT_PRODUCTS_DIR\"\n    exit 1\nfi\n\n\n# Short-circuit if all binaries are up to date\n\nif [[ -f \"${BUILT_PRODUCTS_DIR}/${EXECUTABLE_PATH}\" ]] && \\\n   [[ -f \"${BUILT_PRODUCTS_DIR}/${PRODUCT_NAME}.embeddedframework/${EXECUTABLE_PATH}\" ]] && \\\n   [[ ! \"${BUILT_PRODUCTS_DIR}/${EXECUTABLE_PATH}\" -nt \"${BUILT_PRODUCTS_DIR}/${PRODUCT_NAME}.embeddedframework/${EXECUTABLE_PATH}\" ]]\n   [[ -f \"${UFW_OTHER_BUILT_PRODUCTS_DIR}/${EXECUTABLE_PATH}\" ]] && \\\n   [[ -f \"${UFW_OTHER_BUILT_PRODUCTS_DIR}/${PRODUCT_NAME}.embeddedframework/${EXECUTABLE_PATH}\" ]] && \\\n   [[ ! \"${UFW_OTHER_BUILT_PRODUCTS_DIR}/${EXECUTABLE_PATH}\" -nt \"${UFW_OTHER_BUILT_PRODUCTS_DIR}/${PRODUCT_NAME}.embeddedframework/${EXECUTABLE_PATH}\" ]]\nthen\n    exit 0\nfi\n\n\n# Clean other platform if needed\n\nif [[ ! -f \"${BUILT_PRODUCTS_DIR}/${EXECUTABLE_PATH}\" ]]\nthen\n\techo \"Platform \\\"$UFW_SDK_PLATFORM\\\" was cleaned recently. Cleaning \\\"$UFW_OTHER_PLATFORM\\\" as well\"\n\techo xcodebuild -project \"${PROJECT_FILE_PATH}\" -target \"${TARGET_NAME}\" -configuration \"${CONFIGURATION}\" -sdk ${UFW_OTHER_PLATFORM}${UFW_SDK_VERSION} BUILD_DIR=\"${BUILD_DIR}\" CONFIGURATION_TEMP_DIR=\"${PROJECT_TEMP_DIR}/${CONFIGURATION}-${UFW_OTHER_PLATFORM}\" clean\n\txcodebuild -project \"${PROJECT_FILE_PATH}\" -target \"${TARGET_NAME}\" -configuration \"${CONFIGURATION}\" -sdk ${UFW_OTHER_PLATFORM}${UFW_SDK_VERSION} BUILD_DIR=\"${BUILD_DIR}\" CONFIGURATION_TEMP_DIR=\"${PROJECT_TEMP_DIR}/${CONFIGURATION}-${UFW_OTHER_PLATFORM}\" clean\nfi\n\n\n# Make sure we are building from fresh binaries\n\nrm -rf \"${BUILT_PRODUCTS_DIR}/${EXECUTABLE_PATH}\"\nrm -rf \"${BUILT_PRODUCTS_DIR}/${PRODUCT_NAME}.embeddedframework\"\nrm -rf \"${UFW_OTHER_BUILT_PRODUCTS_DIR}/${EXECUTABLE_PATH}\"\nrm -rf \"${UFW_OTHER_BUILT_PRODUCTS_DIR}/${PRODUCT_NAME}.embeddedframework\"\n";
		};
		A23B2A26180D302D00C270A4 /* ShellScript */ = {
			isa = PBXShellScriptBuildPhase;
			buildActionMask = 2147483647;
			files = (
			);
			inputPaths = (
			);
			outputPaths = (
			);
			runOnlyForDeploymentPostprocessing = 0;
			shellPath = /bin/sh;
			shellScript = "HEADERS_ROOT=$SRCROOT/$PRODUCT_NAME\nFRAMEWORK_HEADERS_DIR=\"$BUILT_PRODUCTS_DIR/$WRAPPER_NAME/Versions/$FRAMEWORK_VERSION/Headers\"\n\n## only header files expected at this point\nPUBLIC_HEADERS=$(find $FRAMEWORK_HEADERS_DIR/. -not -type d 2> /dev/null | sed -e \"s@.*/@@g\")\n\nFIND_OPTS=\"\"\nfor PUBLIC_HEADER in $PUBLIC_HEADERS; do\n  if [ -n \"$FIND_OPTS\" ]; then\n    FIND_OPTS=\"$FIND_OPTS -o\"\n  fi\n  FIND_OPTS=\"$FIND_OPTS -name '$PUBLIC_HEADER'\"\ndone\n\nif [ -n \"$FIND_OPTS\" ]; then\n  for ORIG_HEADER in $(eval \"find $HEADERS_ROOT/. $FIND_OPTS\" 2> /dev/null | sed -e \"s@^$HEADERS_ROOT/./@@g\"); do\n    PUBLIC_HEADER=$(basename $ORIG_HEADER)\n    RELATIVE_PATH=$(dirname $ORIG_HEADER)\n    if [ -e $FRAMEWORK_HEADERS_DIR/$PUBLIC_HEADER ]; then\n      mkdir -p \"$FRAMEWORK_HEADERS_DIR/$RELATIVE_PATH\"\n      mv \"$FRAMEWORK_HEADERS_DIR/$PUBLIC_HEADER\" \"$FRAMEWORK_HEADERS_DIR/$RELATIVE_PATH/$PUBLIC_HEADER\"\n    fi\n  done\nfi\n";
		};
		A23B2A27180D302D00C270A4 /* ShellScript */ = {
			isa = PBXShellScriptBuildPhase;
			buildActionMask = 2147483647;
			files = (
			);
			inputPaths = (
			);
			outputPaths = (
			);
			runOnlyForDeploymentPostprocessing = 0;
			shellPath = /bin/sh;
			shellScript = "set -e\n\nset +u\nif [[ $UFW_MASTER_SCRIPT_RUNNING ]]\nthen\n    # Nothing for the slave script to do\n    exit 0\nfi\nset -u\nexport UFW_MASTER_SCRIPT_RUNNING=1\n\n\n# Functions\n\n## List files in the specified directory, storing to the specified array.\n#\n# @param $1 The path to list\n# @param $2 The name of the array to fill\n#\n##\nlist_files ()\n{\n    filelist=$(ls \"$1\")\n    while read line\n    do\n        eval \"$2[\\${#$2[*]}]=\\\"\\$line\\\"\"\n    done <<< \"$filelist\"\n}\n\n\n# Sanity check\n\nif [[ ! -f \"${BUILT_PRODUCTS_DIR}/${EXECUTABLE_PATH}\" ]]\nthen\n    echo \"Framework target \\\"${TARGET_NAME}\\\" had no source files to build from. Make sure your source files have the correct target membership\"\n    exit 1\nfi\n\n\n# Gather information\n\nif [[ \"$SDK_NAME\" =~ ([A-Za-z]+) ]]\nthen\n    UFW_SDK_PLATFORM=${BASH_REMATCH[1]}\nelse\n    echo \"Could not find platform name from SDK_NAME: $SDK_NAME\"\n    exit 1\nfi\n\nif [[ \"$SDK_NAME\" =~ ([0-9]+.*$) ]]\nthen\n    UFW_SDK_VERSION=${BASH_REMATCH[1]}\nelse\n    echo \"Could not find sdk version from SDK_NAME: $SDK_NAME\"\n    exit 1\nfi\n\nif [[ \"$UFW_SDK_PLATFORM\" = \"iphoneos\" ]]\nthen\n    UFW_OTHER_PLATFORM=iphonesimulator\nelse\n    UFW_OTHER_PLATFORM=iphoneos\nfi\n\nif [[ \"$BUILT_PRODUCTS_DIR\" =~ (.*)$UFW_SDK_PLATFORM$ ]]\nthen\n    UFW_OTHER_BUILT_PRODUCTS_DIR=\"${BASH_REMATCH[1]}${UFW_OTHER_PLATFORM}\"\nelse\n    echo \"Could not find $UFW_SDK_PLATFORM in $BUILT_PRODUCTS_DIR\"\n    exit 1\nfi\n\n\n# Short-circuit if all binaries are up to date.\n# We already checked the other platform in the prerun script.\n\nif [[ -f \"${BUILT_PRODUCTS_DIR}/${EXECUTABLE_PATH}\" ]] && [[ -f \"${BUILT_PRODUCTS_DIR}/${PRODUCT_NAME}.embeddedframework/${EXECUTABLE_PATH}\" ]] && [[ ! \"${BUILT_PRODUCTS_DIR}/${EXECUTABLE_PATH}\" -nt \"${BUILT_PRODUCTS_DIR}/${PRODUCT_NAME}.embeddedframework/${EXECUTABLE_PATH}\" ]]\nthen\n    exit 0\nfi\n\n\n# Make sure the other platform gets built\n\necho \"Build other platform\"\n\necho xcodebuild -project \"${PROJECT_FILE_PATH}\" -target \"${TARGET_NAME}\" -configuration \"${CONFIGURATION}\" -sdk ${UFW_OTHER_PLATFORM}${UFW_SDK_VERSION} BUILD_DIR=\"${BUILD_DIR}\" CONFIGURATION_TEMP_DIR=\"${PROJECT_TEMP_DIR}/${CONFIGURATION}-${UFW_OTHER_PLATFORM}\" $ACTION\nxcodebuild -project \"${PROJECT_FILE_PATH}\" -target \"${TARGET_NAME}\" -configuration \"${CONFIGURATION}\" -sdk ${UFW_OTHER_PLATFORM}${UFW_SDK_VERSION} BUILD_DIR=\"${BUILD_DIR}\" CONFIGURATION_TEMP_DIR=\"${PROJECT_TEMP_DIR}/${CONFIGURATION}-${UFW_OTHER_PLATFORM}\" $ACTION\n\n\n# Build the fat static library binary\n\necho \"Create universal static library\"\n\nif [[ \"$XCODE_VERSION_MAJOR\" == \"0500\" ]]\nthen\n    echo \"$DT_TOOLCHAIN_DIR/usr/bin/libtool\" -static \"${BUILT_PRODUCTS_DIR}/${EXECUTABLE_PATH}\" \"${UFW_OTHER_BUILT_PRODUCTS_DIR}/${EXECUTABLE_PATH}\" -o \"${BUILT_PRODUCTS_DIR}/${EXECUTABLE_PATH}.temp\"\n    \"$DT_TOOLCHAIN_DIR/usr/bin/libtool\" -static \"${BUILT_PRODUCTS_DIR}/${EXECUTABLE_PATH}\" \"${UFW_OTHER_BUILT_PRODUCTS_DIR}/${EXECUTABLE_PATH}\" -o \"${BUILT_PRODUCTS_DIR}/${EXECUTABLE_PATH}.temp\"\nelse\n    echo \"$PLATFORM_DEVELOPER_BIN_DIR/libtool\" -static \"${BUILT_PRODUCTS_DIR}/${EXECUTABLE_PATH}\" \"${UFW_OTHER_BUILT_PRODUCTS_DIR}/${EXECUTABLE_PATH}\" -o \"${BUILT_PRODUCTS_DIR}/${EXECUTABLE_PATH}.temp\"\n    \"$PLATFORM_DEVELOPER_BIN_DIR/libtool\" -static \"${BUILT_PRODUCTS_DIR}/${EXECUTABLE_PATH}\" \"${UFW_OTHER_BUILT_PRODUCTS_DIR}/${EXECUTABLE_PATH}\" -o \"${BUILT_PRODUCTS_DIR}/${EXECUTABLE_PATH}.temp\"\nfi \n\necho mv \"${BUILT_PRODUCTS_DIR}/${EXECUTABLE_PATH}.temp\" \"${BUILT_PRODUCTS_DIR}/${EXECUTABLE_PATH}\"\nmv \"${BUILT_PRODUCTS_DIR}/${EXECUTABLE_PATH}.temp\" \"${BUILT_PRODUCTS_DIR}/${EXECUTABLE_PATH}\"\n\n\n# Build framework structure\n\necho \"Build symlinks\"\n\necho ln -sfh $FRAMEWORK_VERSION \"${BUILT_PRODUCTS_DIR}/${WRAPPER_NAME}/Versions/Current\"\nln -sfh $FRAMEWORK_VERSION \"${BUILT_PRODUCTS_DIR}/${WRAPPER_NAME}/Versions/Current\"\necho ln -sfh Versions/Current/Headers \"${BUILT_PRODUCTS_DIR}/${WRAPPER_NAME}/Headers\"\nln -sfh Versions/Current/Headers \"${BUILT_PRODUCTS_DIR}/${WRAPPER_NAME}/Headers\"\necho ln -sfh Versions/Current/Resources \"${BUILT_PRODUCTS_DIR}/${WRAPPER_NAME}/Resources\"\nln -sfh Versions/Current/Resources \"${BUILT_PRODUCTS_DIR}/${WRAPPER_NAME}/Resources\"\necho ln -sfh \"Versions/Current/${EXECUTABLE_NAME}\" \"${BUILT_PRODUCTS_DIR}/${WRAPPER_NAME}/${EXECUTABLE_NAME}\"\nln -sfh \"Versions/Current/${EXECUTABLE_NAME}\" \"${BUILT_PRODUCTS_DIR}/${WRAPPER_NAME}/${EXECUTABLE_NAME}\"\n\n\n# Link to binary for unit tests\n\nmkdir -p \"${BUILT_PRODUCTS_DIR}/.fake_fw_testing.framework\"\nln -sfh \"../${WRAPPER_NAME}/${EXECUTABLE_NAME}\" \"${BUILT_PRODUCTS_DIR}/.fake_fw_testing.framework/.fake_fw_testing\"\n\n\n# Build embedded framework structure\n\necho \"Build Embedded Framework\"\n\necho rm -rf \"${BUILT_PRODUCTS_DIR}/${PRODUCT_NAME}.embeddedframework\"\nrm -rf \"${BUILT_PRODUCTS_DIR}/${PRODUCT_NAME}.embeddedframework\"\necho mkdir -p \"${BUILT_PRODUCTS_DIR}/${PRODUCT_NAME}.embeddedframework/Resources\"\nmkdir -p \"${BUILT_PRODUCTS_DIR}/${PRODUCT_NAME}.embeddedframework/Resources\"\necho cp -a \"${BUILT_PRODUCTS_DIR}/${WRAPPER_NAME}\" \"${BUILT_PRODUCTS_DIR}/${PRODUCT_NAME}.embeddedframework/\"\ncp -a \"${BUILT_PRODUCTS_DIR}/${WRAPPER_NAME}\" \"${BUILT_PRODUCTS_DIR}/${PRODUCT_NAME}.embeddedframework/\"\n\ndeclare -a UFW_FILE_LIST\nlist_files \"${BUILT_PRODUCTS_DIR}/${UNLOCALIZED_RESOURCES_FOLDER_PATH}\" UFW_FILE_LIST\nfor filename in \"${UFW_FILE_LIST[@]}\"\ndo\n    if [[ \"${filename}\" != \"Info.plist\" ]] && [[ ! \"${filename}\" =~ .*\\.lproj$ ]]\n    then\n        echo ln -sfh \"../${WRAPPER_NAME}/Resources/${filename}\" \"${BUILT_PRODUCTS_DIR}/${PRODUCT_NAME}.embeddedframework/Resources/${filename}\"\n        ln -sfh \"../${WRAPPER_NAME}/Resources/${filename}\" \"${BUILT_PRODUCTS_DIR}/${PRODUCT_NAME}.embeddedframework/Resources/${filename}\"\n    fi\ndone\n\n\n# Replace other platform's framework with a copy of this one (so that both have the same universal binary)\n\necho \"Copy from $UFW_SDK_PLATFORM to $UFW_OTHER_PLATFORM\"\n\necho rm -rf \"${BUILD_DIR}/${CONFIGURATION}-${UFW_OTHER_PLATFORM}\"\nrm -rf \"${BUILD_DIR}/${CONFIGURATION}-${UFW_OTHER_PLATFORM}\"\necho cp -a \"${BUILD_DIR}/${CONFIGURATION}-${UFW_SDK_PLATFORM}\" \"${BUILD_DIR}/${CONFIGURATION}-${UFW_OTHER_PLATFORM}\"\ncp -a \"${BUILD_DIR}/${CONFIGURATION}-${UFW_SDK_PLATFORM}\" \"${BUILD_DIR}/${CONFIGURATION}-${UFW_OTHER_PLATFORM}\"\n";
		};
		A261682417CEDE6600904EF4 /* ShellScript */ = {
			isa = PBXShellScriptBuildPhase;
			buildActionMask = 2147483647;
			files = (
			);
			inputPaths = (
			);
			outputPaths = (
			);
			runOnlyForDeploymentPostprocessing = 0;
			shellPath = /bin/sh;
			shellScript = "# shell script goes here\n\n#rm -rf headerDoc\n\nls headerDoc || mkdir -p headerDoc\n\nfind ../LlamaSettings -name \\*.h -print | xargs headerdoc2html -o headerDoc\ngatherheaderdoc headerDoc\n\nexit 0";
		};
		A261682917CEE88000904EF4 /* ShellScript */ = {
			isa = PBXShellScriptBuildPhase;
			buildActionMask = 12;
			files = (
			);
			inputPaths = (
			);
			outputPaths = (
			);
			runOnlyForDeploymentPostprocessing = 0;
			shellPath = /bin/sh;
			shellScript = "#Created by Deheng.Xu 2013.08.29\n#mailto:dehengxu001@gmail.com\n#doxygen\n\n#rm -rf doxygenDoc #Clear all docs.\n\n#Setting doxygen path.\ndoxygenPath=/usr/local/doxygen/bin/\ndoxygenConf=Doxygen.cnf\n\n#create if not exist.\nls doxygenDoc || mkdir -p doxygenDoc\n#create config file if not exist\nls doxygenDoc/$doxygenConf || $doxygenPath/doxygen -g  doxygenDoc/$doxygenConf\n\ncd doxygenDoc\n$doxygenPath/doxygen $doxygenConf\n\nexit 0\n";
		};
/* End PBXShellScriptBuildPhase section */

/* Begin PBXSourcesBuildPhase section */
		1D60588E0D05DD3D006BFB54 /* Sources */ = {
			isa = PBXSourcesBuildPhase;
			buildActionMask = 2147483647;
			files = (
				A2A723AD17F928AF00B82D62 /* ../../../LionSettings/TableCells/SourceCell.m in Sources */,
				A2A7238D17F928AF00B82D62 /* ../../LionSettings/LionMultiValuesViewController.m in Sources */,
				A2A7239317F928AF00B82D62 /* ../../LionSettings/LlamaSettings.m in Sources */,
				1D60589B0D05DD56006BFB54 /* main.m in Sources */,
				A2A723A717F928AF00B82D62 /* ../../../LionSettings/TableCells/EditableTableViewCell.m in Sources */,
				A2A7239E17F928AF00B82D62 /* ../../../LionSettings/TableCells/CellTextField.m in Sources */,
				1D3623260D0F684500981E51 /* LSExampleAppDelegate.m in Sources */,
				289233A60DB2D0840083E9F9 /* FlipsideView.m in Sources */,
				289233A70DB2D0840083E9F9 /* MainView.m in Sources */,
				A2A7239017F928AF00B82D62 /* ../../LionSettings/LionSettingsViewController.m in Sources */,
				A2A7239817F928AF00B82D62 /* ../../../LionSettings/TableCells/ButtonCell.m in Sources */,
				A2A723A117F928AF00B82D62 /* ../../../LionSettings/TableCells/CellTextView.m in Sources */,
				289233AE0DB2D0DB0083E9F9 /* MainViewController.m in Sources */,
				289233AF0DB2D0DB0083E9F9 /* RootViewController.m in Sources */,
				289233B00DB2D0DB0083E9F9 /* FlipsideViewController.m in Sources */,
				A2A723B617F928AF00B82D62 /* ../../../LionSettings/Views/LSColorDisplay.m in Sources */,
				A2A7238A17F928AF00B82D62 /* ../../../LionSettings/Helpers/ColorHelper.m in Sources */,
				A2A723A417F928AF00B82D62 /* ../../../LionSettings/TableCells/DisplayCell.m in Sources */,
				A2A723B017F928AF00B82D62 /* ../../../LionSettings/Views/ColorBoxPicker.m in Sources */,
				A2A723B917F928AF00B82D62 /* ../../../LionSettings/Views/WebViewController.m in Sources */,
				A2A723AA17F928AF00B82D62 /* ../../../LionSettings/TableCells/SliderCell.m in Sources */,
				A2A723B317F928AF00B82D62 /* ../../../LionSettings/Views/ColorTouchPicker.m in Sources */,
				A2A7239B17F928AF00B82D62 /* ../../../LionSettings/TableCells/CellFullWide.m in Sources */,
			);
			runOnlyForDeploymentPostprocessing = 0;
		};
		74732C3717C5222F006747C7 /* Sources */ = {
			isa = PBXSourcesBuildPhase;
			buildActionMask = 2147483647;
			files = (
				A2A723A217F928AF00B82D62 /* ../../../LionSettings/TableCells/CellTextView.m in Sources */,
				A2A723B117F928AF00B82D62 /* ../../../LionSettings/Views/ColorBoxPicker.m in Sources */,
				A2A7238E17F928AF00B82D62 /* ../../LionSettings/LionMultiValuesViewController.m in Sources */,
				A2A723A817F928AF00B82D62 /* ../../../LionSettings/TableCells/EditableTableViewCell.m in Sources */,
				A2A7239917F928AF00B82D62 /* ../../../LionSettings/TableCells/ButtonCell.m in Sources */,
				A2A7239117F928AF00B82D62 /* ../../LionSettings/LionSettingsViewController.m in Sources */,
				A2A7239F17F928AF00B82D62 /* ../../../LionSettings/TableCells/CellTextField.m in Sources */,
				A2A723BA17F928AF00B82D62 /* ../../../LionSettings/Views/WebViewController.m in Sources */,
				A2A7238B17F928AF00B82D62 /* ../../../LionSettings/Helpers/ColorHelper.m in Sources */,
				A2A723AE17F928AF00B82D62 /* ../../../LionSettings/TableCells/SourceCell.m in Sources */,
				A2A723B417F928AF00B82D62 /* ../../../LionSettings/Views/ColorTouchPicker.m in Sources */,
				A2A7239417F928AF00B82D62 /* ../../LionSettings/LlamaSettings.m in Sources */,
				A2A723A517F928AF00B82D62 /* ../../../LionSettings/TableCells/DisplayCell.m in Sources */,
				A2A723AB17F928AF00B82D62 /* ../../../LionSettings/TableCells/SliderCell.m in Sources */,
				A2A7239C17F928AF00B82D62 /* ../../../LionSettings/TableCells/CellFullWide.m in Sources */,
				A2A723B717F928AF00B82D62 /* ../../../LionSettings/Views/LSColorDisplay.m in Sources */,
			);
			runOnlyForDeploymentPostprocessing = 0;
		};
		74732C4417C52230006747C7 /* Sources */ = {
			isa = PBXSourcesBuildPhase;
			buildActionMask = 2147483647;
			files = (
				A2A723A317F928AF00B82D62 /* ../../../LionSettings/TableCells/CellTextView.m in Sources */,
				A2A723B217F928AF00B82D62 /* ../../../LionSettings/Views/ColorBoxPicker.m in Sources */,
				A2A7238F17F928AF00B82D62 /* ../../LionSettings/LionMultiValuesViewController.m in Sources */,
				A2A723A917F928AF00B82D62 /* ../../../LionSettings/TableCells/EditableTableViewCell.m in Sources */,
				A2A7239A17F928AF00B82D62 /* ../../../LionSettings/TableCells/ButtonCell.m in Sources */,
				A2A7239217F928AF00B82D62 /* ../../LionSettings/LionSettingsViewController.m in Sources */,
				A2A723A017F928AF00B82D62 /* ../../../LionSettings/TableCells/CellTextField.m in Sources */,
				74732C5717C52230006747C7 /* LionSettingsLibraryTests.m in Sources */,
				A2A723BB17F928AF00B82D62 /* ../../../LionSettings/Views/WebViewController.m in Sources */,
				A2A7238C17F928AF00B82D62 /* ../../../LionSettings/Helpers/ColorHelper.m in Sources */,
				A2A723AF17F928AF00B82D62 /* ../../../LionSettings/TableCells/SourceCell.m in Sources */,
				A2A723B517F928AF00B82D62 /* ../../../LionSettings/Views/ColorTouchPicker.m in Sources */,
				A2A7239517F928AF00B82D62 /* ../../LionSettings/LlamaSettings.m in Sources */,
				A2A723A617F928AF00B82D62 /* ../../../LionSettings/TableCells/DisplayCell.m in Sources */,
				A2A723AC17F928AF00B82D62 /* ../../../LionSettings/TableCells/SliderCell.m in Sources */,
				A2A7239D17F928AF00B82D62 /* ../../../LionSettings/TableCells/CellFullWide.m in Sources */,
				A2A723B817F928AF00B82D62 /* ../../../LionSettings/Views/LSColorDisplay.m in Sources */,
			);
			runOnlyForDeploymentPostprocessing = 0;
		};
		A23B2A22180D302D00C270A4 /* Sources */ = {
			isa = PBXSourcesBuildPhase;
			buildActionMask = 2147483647;
			files = (
				A23B2A34180D305900C270A4 /* ../../../LionSettings/Helpers/ColorHelper.m in Sources */,
				A23B2A35180D305900C270A4 /* ../../LionSettings/LionMultiValuesViewController.m in Sources */,
				A23B2A36180D305900C270A4 /* ../../LionSettings/LionSettingsViewController.m in Sources */,
				A23B2A37180D305900C270A4 /* ../../LionSettings/LlamaSettings.m in Sources */,
				A23B2A38180D305900C270A4 /* ../../../LionSettings/TableCells/ButtonCell.m in Sources */,
				A23B2A39180D305900C270A4 /* ../../../LionSettings/TableCells/CellFullWide.m in Sources */,
				A23B2A3A180D305900C270A4 /* ../../../LionSettings/TableCells/CellTextField.m in Sources */,
				A23B2A3B180D305900C270A4 /* ../../../LionSettings/TableCells/CellTextView.m in Sources */,
				A23B2A3C180D305900C270A4 /* ../../../LionSettings/TableCells/DisplayCell.m in Sources */,
				A23B2A3D180D305900C270A4 /* ../../../LionSettings/TableCells/EditableTableViewCell.m in Sources */,
				A23B2A3E180D305900C270A4 /* ../../../LionSettings/TableCells/SliderCell.m in Sources */,
				A23B2A3F180D305900C270A4 /* ../../../LionSettings/TableCells/SourceCell.m in Sources */,
				A23B2A40180D305900C270A4 /* ../../../LionSettings/Views/ColorBoxPicker.m in Sources */,
				A23B2A41180D305900C270A4 /* ../../../LionSettings/Views/ColorTouchPicker.m in Sources */,
				A23B2A42180D305900C270A4 /* ../../../LionSettings/Views/LSColorDisplay.m in Sources */,
				A23B2A43180D305900C270A4 /* ../../../LionSettings/Views/WebViewController.m in Sources */,
			);
			runOnlyForDeploymentPostprocessing = 0;
		};
/* End PBXSourcesBuildPhase section */

/* Begin PBXTargetDependency section */
		74732C4E17C52230006747C7 /* PBXTargetDependency */ = {
			isa = PBXTargetDependency;
			target = 74732C3A17C5222F006747C7 /* LionSettingsLibrary */;
			targetProxy = 74732C4D17C52230006747C7 /* PBXContainerItemProxy */;
		};
/* End PBXTargetDependency section */

/* Begin PBXVariantGroup section */
		74732C5317C52230006747C7 /* InfoPlist.strings */ = {
			isa = PBXVariantGroup;
			children = (
				74732C5417C52230006747C7 /* en */,
				74D65653187A984900CEDAD3 /* zh-Hans */,
			);
			name = InfoPlist.strings;
			path = .;
			sourceTree = "<group>";
		};
		A23B2A5B180D327400C270A4 /* InfoPlist.strings */ = {
			isa = PBXVariantGroup;
			children = (
				A23B2A5C180D327400C270A4 /* en */,
				74D65654187A984900CEDAD3 /* zh-Hans */,
			);
			name = InfoPlist.strings;
			path = .;
			sourceTree = "<group>";
		};
/* End PBXVariantGroup section */

/* Begin XCBuildConfiguration section */
		1D6058940D05DD3E006BFB54 /* Debug */ = {
			isa = XCBuildConfiguration;
			buildSettings = {
				ALWAYS_SEARCH_USER_PATHS = NO;
				CODE_SIGN_IDENTITY = "iPhone Developer";
				"CODE_SIGN_IDENTITY[sdk=iphoneos*]" = "iPhone Developer";
				COPY_PHASE_STRIP = NO;
				GCC_DYNAMIC_NO_PIC = NO;
				GCC_OPTIMIZATION_LEVEL = 0;
				GCC_PRECOMPILE_PREFIX_HEADER = YES;
				GCC_PREFIX_HEADER = "Other Sources/LSExample_Prefix.pch";
				INFOPLIST_FILE = "Resources/Core Resources/Info.plist";
				IPHONEOS_DEPLOYMENT_TARGET = 4.3;
				PRODUCT_NAME = LSExample;
				PROVISIONING_PROFILE = "";
				SDKROOT = iphoneos;
			};
			name = Debug;
		};
		1D6058950D05DD3E006BFB54 /* Release */ = {
			isa = XCBuildConfiguration;
			buildSettings = {
				ALWAYS_SEARCH_USER_PATHS = NO;
				CODE_SIGN_IDENTITY = "iPhone Developer";
				"CODE_SIGN_IDENTITY[sdk=iphoneos*]" = "iPhone Developer";
				COPY_PHASE_STRIP = YES;
				GCC_PRECOMPILE_PREFIX_HEADER = YES;
				GCC_PREFIX_HEADER = "Other Sources/LSExample_Prefix.pch";
				INFOPLIST_FILE = "Resources/Core Resources/Info.plist";
				IPHONEOS_DEPLOYMENT_TARGET = 4.3;
				PRODUCT_NAME = LSExample;
				PROVISIONING_PROFILE = "";
				SDKROOT = iphoneos;
			};
			name = Release;
		};
		74732C5917C52230006747C7 /* Debug */ = {
			isa = XCBuildConfiguration;
			buildSettings = {
				ALWAYS_SEARCH_USER_PATHS = NO;
				CLANG_CXX_LANGUAGE_STANDARD = "compiler-default";
				CLANG_CXX_LIBRARY = "compiler-default";
				CLANG_ENABLE_MODULES = YES;
				CLANG_ENABLE_OBJC_ARC = YES;
				CLANG_WARN_BOOL_CONVERSION = YES;
				CLANG_WARN_CONSTANT_CONVERSION = YES;
				CLANG_WARN_DIRECT_OBJC_ISA_USAGE = YES_ERROR;
				CLANG_WARN_EMPTY_BODY = YES;
				CLANG_WARN_ENUM_CONVERSION = YES;
				CLANG_WARN_INT_CONVERSION = YES;
				CLANG_WARN_OBJC_ROOT_CLASS = YES_ERROR;
				CLANG_WARN__DUPLICATE_METHOD_MATCH = YES;
				"CODE_SIGN_IDENTITY[sdk=iphoneos*]" = "";
				COPY_PHASE_STRIP = NO;
				DSTROOT = /tmp/LionSettingsLibrary.dst;
				GCC_C_LANGUAGE_STANDARD = "compiler-default";
				GCC_DYNAMIC_NO_PIC = NO;
				GCC_OPTIMIZATION_LEVEL = 0;
				GCC_PRECOMPILE_PREFIX_HEADER = YES;
				GCC_PREFIX_HEADER = "LionSettingsLibrary/Supporting Files/LionSettingsLibrary-Prefix.pch";
				GCC_PREPROCESSOR_DEFINITIONS = (
					"DEBUG=1",
					"$(inherited)",
				);
				GCC_SYMBOLS_PRIVATE_EXTERN = NO;
				GCC_WARN_ABOUT_RETURN_TYPE = YES_ERROR;
				GCC_WARN_UNDECLARED_SELECTOR = YES;
				GCC_WARN_UNINITIALIZED_AUTOS = YES;
				GCC_WARN_UNUSED_FUNCTION = YES;
				HEADER_SEARCH_PATHS = (
					"$(inherited)",
					/Applications/Xcode.app/Contents/Developer/Toolchains/XcodeDefault.xctoolchain/usr/include,
					./LionSettings,
				);
				IPHONEOS_DEPLOYMENT_TARGET = 5.0;
				ONLY_ACTIVE_ARCH = NO;
				OTHER_LDFLAGS = (
					"-ObjC",
					"-all_load",
				);
				PRODUCT_NAME = "$(TARGET_NAME)";
				SDKROOT = iphoneos;
				SKIP_INSTALL = YES;
			};
			name = Debug;
		};
		74732C5A17C52230006747C7 /* Release */ = {
			isa = XCBuildConfiguration;
			buildSettings = {
				ALWAYS_SEARCH_USER_PATHS = NO;
				CLANG_CXX_LANGUAGE_STANDARD = "compiler-default";
				CLANG_CXX_LIBRARY = "compiler-default";
				CLANG_ENABLE_MODULES = YES;
				CLANG_ENABLE_OBJC_ARC = YES;
				CLANG_WARN_BOOL_CONVERSION = YES;
				CLANG_WARN_CONSTANT_CONVERSION = YES;
				CLANG_WARN_DIRECT_OBJC_ISA_USAGE = YES_ERROR;
				CLANG_WARN_EMPTY_BODY = YES;
				CLANG_WARN_ENUM_CONVERSION = YES;
				CLANG_WARN_INT_CONVERSION = YES;
				CLANG_WARN_OBJC_ROOT_CLASS = YES_ERROR;
				CLANG_WARN__DUPLICATE_METHOD_MATCH = YES;
				"CODE_SIGN_IDENTITY[sdk=iphoneos*]" = "";
				COPY_PHASE_STRIP = YES;
				DSTROOT = /tmp/LionSettingsLibrary.dst;
				ENABLE_NS_ASSERTIONS = NO;
				GCC_C_LANGUAGE_STANDARD = "compiler-default";
				GCC_PRECOMPILE_PREFIX_HEADER = YES;
				GCC_PREFIX_HEADER = "LionSettingsLibrary/Supporting Files/LionSettingsLibrary-Prefix.pch";
				GCC_WARN_ABOUT_RETURN_TYPE = YES_ERROR;
				GCC_WARN_UNDECLARED_SELECTOR = YES;
				GCC_WARN_UNINITIALIZED_AUTOS = YES;
				GCC_WARN_UNUSED_FUNCTION = YES;
				HEADER_SEARCH_PATHS = (
					"$(inherited)",
					/Applications/Xcode.app/Contents/Developer/Toolchains/XcodeDefault.xctoolchain/usr/include,
					./LionSettings,
				);
				IPHONEOS_DEPLOYMENT_TARGET = 5.0;
				OTHER_LDFLAGS = (
					"-ObjC",
					"-all_load",
				);
				PRODUCT_NAME = "$(TARGET_NAME)";
				SDKROOT = iphoneos;
				SKIP_INSTALL = YES;
				VALIDATE_PRODUCT = YES;
			};
			name = Release;
		};
		74732C5C17C52230006747C7 /* Debug */ = {
			isa = XCBuildConfiguration;
			buildSettings = {
				ALWAYS_SEARCH_USER_PATHS = NO;
				BUNDLE_LOADER = "$(BUILT_PRODUCTS_DIR)/LSExample.app/LSExample";
				CLANG_CXX_LANGUAGE_STANDARD = "gnu++0x";
				CLANG_CXX_LIBRARY = "libc++";
				CLANG_ENABLE_MODULES = YES;
				CLANG_ENABLE_OBJC_ARC = YES;
				CLANG_WARN_BOOL_CONVERSION = YES;
				CLANG_WARN_CONSTANT_CONVERSION = YES;
				CLANG_WARN_DIRECT_OBJC_ISA_USAGE = YES_ERROR;
				CLANG_WARN_EMPTY_BODY = YES;
				CLANG_WARN_ENUM_CONVERSION = YES;
				CLANG_WARN_INT_CONVERSION = YES;
				CLANG_WARN_OBJC_ROOT_CLASS = YES_ERROR;
				CLANG_WARN__DUPLICATE_METHOD_MATCH = YES;
				COPY_PHASE_STRIP = NO;
				FRAMEWORK_SEARCH_PATHS = (
					"$(SDKROOT)/Developer/Library/Frameworks",
					"$(inherited)",
					"$(DEVELOPER_FRAMEWORKS_DIR)",
				);
				GCC_C_LANGUAGE_STANDARD = gnu99;
				GCC_DYNAMIC_NO_PIC = NO;
				GCC_OPTIMIZATION_LEVEL = 0;
				GCC_PRECOMPILE_PREFIX_HEADER = YES;
				GCC_PREFIX_HEADER = "LionSettingsLibrary/Supporting Files/LionSettingsLibrary-Prefix.pch";
				GCC_PREPROCESSOR_DEFINITIONS = (
					"DEBUG=1",
					"$(inherited)",
				);
				GCC_SYMBOLS_PRIVATE_EXTERN = NO;
				GCC_WARN_ABOUT_RETURN_TYPE = YES_ERROR;
				GCC_WARN_UNDECLARED_SELECTOR = YES;
				GCC_WARN_UNINITIALIZED_AUTOS = YES;
				GCC_WARN_UNUSED_FUNCTION = YES;
				INFOPLIST_FILE = "LionSettingsLibraryTests/Supporting Files/LionSettingsLibraryTests-Info.plist";
				IPHONEOS_DEPLOYMENT_TARGET = 7.0;
				PRODUCT_NAME = "$(TARGET_NAME)";
				SDKROOT = iphoneos;
				TEST_HOST = "$(BUNDLE_LOADER)";
				WRAPPER_EXTENSION = xctest;
			};
			name = Debug;
		};
		74732C5D17C52230006747C7 /* Release */ = {
			isa = XCBuildConfiguration;
			buildSettings = {
				ALWAYS_SEARCH_USER_PATHS = NO;
				BUNDLE_LOADER = "$(BUILT_PRODUCTS_DIR)/LSExample.app/LSExample";
				CLANG_CXX_LANGUAGE_STANDARD = "gnu++0x";
				CLANG_CXX_LIBRARY = "libc++";
				CLANG_ENABLE_MODULES = YES;
				CLANG_ENABLE_OBJC_ARC = YES;
				CLANG_WARN_BOOL_CONVERSION = YES;
				CLANG_WARN_CONSTANT_CONVERSION = YES;
				CLANG_WARN_DIRECT_OBJC_ISA_USAGE = YES_ERROR;
				CLANG_WARN_EMPTY_BODY = YES;
				CLANG_WARN_ENUM_CONVERSION = YES;
				CLANG_WARN_INT_CONVERSION = YES;
				CLANG_WARN_OBJC_ROOT_CLASS = YES_ERROR;
				CLANG_WARN__DUPLICATE_METHOD_MATCH = YES;
				COPY_PHASE_STRIP = YES;
				ENABLE_NS_ASSERTIONS = NO;
				FRAMEWORK_SEARCH_PATHS = (
					"$(SDKROOT)/Developer/Library/Frameworks",
					"$(inherited)",
					"$(DEVELOPER_FRAMEWORKS_DIR)",
				);
				GCC_C_LANGUAGE_STANDARD = gnu99;
				GCC_PRECOMPILE_PREFIX_HEADER = YES;
				GCC_PREFIX_HEADER = "LionSettingsLibrary/Supporting Files/LionSettingsLibrary-Prefix.pch";
				GCC_WARN_ABOUT_RETURN_TYPE = YES_ERROR;
				GCC_WARN_UNDECLARED_SELECTOR = YES;
				GCC_WARN_UNINITIALIZED_AUTOS = YES;
				GCC_WARN_UNUSED_FUNCTION = YES;
				INFOPLIST_FILE = "LionSettingsLibraryTests/Supporting Files/LionSettingsLibraryTests-Info.plist";
				IPHONEOS_DEPLOYMENT_TARGET = 7.0;
				PRODUCT_NAME = "$(TARGET_NAME)";
				SDKROOT = iphoneos;
				TEST_HOST = "$(BUNDLE_LOADER)";
				VALIDATE_PRODUCT = YES;
				WRAPPER_EXTENSION = xctest;
			};
			name = Release;
		};
		A23B2A32180D302E00C270A4 /* Debug */ = {
			isa = XCBuildConfiguration;
			buildSettings = {
				ALWAYS_SEARCH_USER_PATHS = NO;
				CLANG_CXX_LANGUAGE_STANDARD = "gnu++0x";
				CLANG_CXX_LIBRARY = "libc++";
				CLANG_ENABLE_MODULES = YES;
				CLANG_ENABLE_OBJC_ARC = NO;
				CLANG_WARN_BOOL_CONVERSION = YES;
				CLANG_WARN_CONSTANT_CONVERSION = YES;
				CLANG_WARN_DIRECT_OBJC_ISA_USAGE = YES_ERROR;
				CLANG_WARN_EMPTY_BODY = YES;
				CLANG_WARN_ENUM_CONVERSION = YES;
				CLANG_WARN_INT_CONVERSION = YES;
				CLANG_WARN_OBJC_ROOT_CLASS = YES_ERROR;
				CLANG_WARN__DUPLICATE_METHOD_MATCH = YES;
				CONTENTS_FOLDER_PATH = "$(WRAPPER_NAME)/Versions/$(FRAMEWORK_VERSION)";
				COPY_PHASE_STRIP = NO;
				DEAD_CODE_STRIPPING = NO;
				DYLIB_COMPATIBILITY_VERSION = 1;
				DYLIB_CURRENT_VERSION = 1;
				FRAMEWORK_VERSION = A;
				GCC_C_LANGUAGE_STANDARD = gnu89;
				GCC_DYNAMIC_NO_PIC = NO;
				GCC_OPTIMIZATION_LEVEL = 0;
				GCC_PRECOMPILE_PREFIX_HEADER = YES;
				GCC_PREFIX_HEADER = "LionSettings/Supporting Files/LionSettings-Prefix.pch";
				GCC_PREPROCESSOR_DEFINITIONS = (
					"DEBUG=1",
					"$(inherited)",
				);
				GCC_SYMBOLS_PRIVATE_EXTERN = NO;
				GCC_WARN_64_TO_32_BIT_CONVERSION = YES;
				GCC_WARN_ABOUT_RETURN_TYPE = YES_ERROR;
				GCC_WARN_UNDECLARED_SELECTOR = YES;
				GCC_WARN_UNINITIALIZED_AUTOS = YES;
				GCC_WARN_UNUSED_FUNCTION = YES;
				INFOPLIST_FILE = "LionSettings/Supporting Files/LionSettings-Info.plist";
				INFOPLIST_PATH = "$(UNLOCALIZED_RESOURCES_FOLDER_PATH)/Info.plist";
				INSTALL_PATH = "$(BUILT_PRODUCTS_DIR)";
				IPHONEOS_DEPLOYMENT_TARGET = 5.0;
				LINK_WITH_STANDARD_LIBRARIES = NO;
				MACH_O_TYPE = mh_object;
				PRODUCT_NAME = "$(TARGET_NAME)";
				SKIP_INSTALL = YES;
				UNLOCALIZED_RESOURCES_FOLDER_PATH = "$(CONTENTS_FOLDER_PATH)/Resources";
				WRAPPER_EXTENSION = framework;
			};
			name = Debug;
		};
		A23B2A33180D302E00C270A4 /* Release */ = {
			isa = XCBuildConfiguration;
			buildSettings = {
				ALWAYS_SEARCH_USER_PATHS = NO;
				CLANG_CXX_LANGUAGE_STANDARD = "gnu++0x";
				CLANG_CXX_LIBRARY = "libc++";
				CLANG_ENABLE_MODULES = YES;
				CLANG_ENABLE_OBJC_ARC = NO;
				CLANG_WARN_BOOL_CONVERSION = YES;
				CLANG_WARN_CONSTANT_CONVERSION = YES;
				CLANG_WARN_DIRECT_OBJC_ISA_USAGE = YES_ERROR;
				CLANG_WARN_EMPTY_BODY = YES;
				CLANG_WARN_ENUM_CONVERSION = YES;
				CLANG_WARN_INT_CONVERSION = YES;
				CLANG_WARN_OBJC_ROOT_CLASS = YES_ERROR;
				CLANG_WARN__DUPLICATE_METHOD_MATCH = YES;
				CONTENTS_FOLDER_PATH = "$(WRAPPER_NAME)/Versions/$(FRAMEWORK_VERSION)";
				COPY_PHASE_STRIP = YES;
				DEAD_CODE_STRIPPING = NO;
				DYLIB_COMPATIBILITY_VERSION = 1;
				DYLIB_CURRENT_VERSION = 1;
				ENABLE_NS_ASSERTIONS = NO;
				FRAMEWORK_VERSION = A;
				GCC_C_LANGUAGE_STANDARD = gnu89;
				GCC_PRECOMPILE_PREFIX_HEADER = YES;
				GCC_PREFIX_HEADER = "LionSettings/Supporting Files/LionSettings-Prefix.pch";
				GCC_WARN_64_TO_32_BIT_CONVERSION = YES;
				GCC_WARN_ABOUT_RETURN_TYPE = YES_ERROR;
				GCC_WARN_UNDECLARED_SELECTOR = YES;
				GCC_WARN_UNINITIALIZED_AUTOS = YES;
				GCC_WARN_UNUSED_FUNCTION = YES;
				INFOPLIST_FILE = "LionSettings/Supporting Files/LionSettings-Info.plist";
				INFOPLIST_PATH = "$(UNLOCALIZED_RESOURCES_FOLDER_PATH)/Info.plist";
				INSTALL_PATH = "$(BUILT_PRODUCTS_DIR)";
				IPHONEOS_DEPLOYMENT_TARGET = 5.0;
				LINK_WITH_STANDARD_LIBRARIES = NO;
				MACH_O_TYPE = mh_object;
				PRODUCT_NAME = "$(TARGET_NAME)";
				SKIP_INSTALL = YES;
				UNLOCALIZED_RESOURCES_FOLDER_PATH = "$(CONTENTS_FOLDER_PATH)/Resources";
				VALIDATE_PRODUCT = YES;
				WRAPPER_EXTENSION = framework;
			};
			name = Release;
		};
		A261682117CEDE4C00904EF4 /* Debug */ = {
			isa = XCBuildConfiguration;
			buildSettings = {
				CODE_SIGN_IDENTITY = "iPhone Developer";
				IPHONEOS_DEPLOYMENT_TARGET = 7.0;
				PRODUCT_NAME = "$(TARGET_NAME)";
				SDKROOT = iphoneos;
			};
			name = Debug;
		};
		A261682217CEDE4C00904EF4 /* Release */ = {
			isa = XCBuildConfiguration;
			buildSettings = {
				CODE_SIGN_IDENTITY = "iPhone Developer";
				IPHONEOS_DEPLOYMENT_TARGET = 7.0;
				PRODUCT_NAME = "$(TARGET_NAME)";
				SDKROOT = iphoneos;
			};
			name = Release;
		};
		A261682717CEE87600904EF4 /* Debug */ = {
			isa = XCBuildConfiguration;
			buildSettings = {
				DOXYGEN_PATH = /usr/local/doxygen/bin;
				PRODUCT_NAME = "$(TARGET_NAME)";
			};
			name = Debug;
		};
		A261682817CEE87600904EF4 /* Release */ = {
			isa = XCBuildConfiguration;
			buildSettings = {
				DOXYGEN_PATH = /usr/local/doxygen/bin;
				PRODUCT_NAME = "$(TARGET_NAME)";
			};
			name = Release;
		};
		C01FCF4F08A954540054247B /* Debug */ = {
			isa = XCBuildConfiguration;
			buildSettings = {
				"CODE_SIGN_IDENTITY[sdk=iphoneos*]" = "iPhone Developer";
				GCC_C_LANGUAGE_STANDARD = c99;
				GCC_WARN_ABOUT_RETURN_TYPE = YES;
				GCC_WARN_UNUSED_VARIABLE = YES;
				ONLY_ACTIVE_ARCH = YES;
				PREBINDING = NO;
				SDKROOT = iphoneos;
			};
			name = Debug;
		};
		C01FCF5008A954540054247B /* Release */ = {
			isa = XCBuildConfiguration;
			buildSettings = {
				"CODE_SIGN_IDENTITY[sdk=iphoneos*]" = "iPhone Developer";
				GCC_C_LANGUAGE_STANDARD = c99;
				GCC_WARN_ABOUT_RETURN_TYPE = YES;
				GCC_WARN_UNUSED_VARIABLE = YES;
				PREBINDING = NO;
				SDKROOT = iphoneos;
			};
			name = Release;
		};
/* End XCBuildConfiguration section */

/* Begin XCConfigurationList section */
		1D6058960D05DD3E006BFB54 /* Build configuration list for PBXNativeTarget "LSExample" */ = {
			isa = XCConfigurationList;
			buildConfigurations = (
				1D6058940D05DD3E006BFB54 /* Debug */,
				1D6058950D05DD3E006BFB54 /* Release */,
			);
			defaultConfigurationIsVisible = 0;
			defaultConfigurationName = Release;
		};
		74732C5817C52230006747C7 /* Build configuration list for PBXNativeTarget "LionSettingsLibrary" */ = {
			isa = XCConfigurationList;
			buildConfigurations = (
				74732C5917C52230006747C7 /* Debug */,
				74732C5A17C52230006747C7 /* Release */,
			);
			defaultConfigurationIsVisible = 0;
			defaultConfigurationName = Release;
		};
		74732C5B17C52230006747C7 /* Build configuration list for PBXNativeTarget "LionSettingsLibraryTests" */ = {
			isa = XCConfigurationList;
			buildConfigurations = (
				74732C5C17C52230006747C7 /* Debug */,
				74732C5D17C52230006747C7 /* Release */,
			);
			defaultConfigurationIsVisible = 0;
			defaultConfigurationName = Release;
		};
		A23B2A31180D302E00C270A4 /* Build configuration list for PBXNativeTarget "LionSettings" */ = {
			isa = XCConfigurationList;
			buildConfigurations = (
				A23B2A32180D302E00C270A4 /* Debug */,
				A23B2A33180D302E00C270A4 /* Release */,
			);
			defaultConfigurationIsVisible = 0;
			defaultConfigurationName = Release;
		};
		A261682317CEDE4C00904EF4 /* Build configuration list for PBXAggregateTarget "LionSettingsDocset" */ = {
			isa = XCConfigurationList;
			buildConfigurations = (
				A261682117CEDE4C00904EF4 /* Debug */,
				A261682217CEDE4C00904EF4 /* Release */,
			);
			defaultConfigurationIsVisible = 0;
			defaultConfigurationName = Release;
		};
		A261682617CEE87600904EF4 /* Build configuration list for PBXAggregateTarget "DoxygenLionSettingsDocset" */ = {
			isa = XCConfigurationList;
			buildConfigurations = (
				A261682717CEE87600904EF4 /* Debug */,
				A261682817CEE87600904EF4 /* Release */,
			);
			defaultConfigurationIsVisible = 0;
			defaultConfigurationName = Release;
		};
		C01FCF4E08A954540054247B /* Build configuration list for PBXProject "LSExample" */ = {
			isa = XCConfigurationList;
			buildConfigurations = (
				C01FCF4F08A954540054247B /* Debug */,
				C01FCF5008A954540054247B /* Release */,
			);
			defaultConfigurationIsVisible = 0;
			defaultConfigurationName = Release;
		};
/* End XCConfigurationList section */
	};
	rootObject = 29B97313FDCFA39411CA2CEA /* Project object */;
}
